// !$*UTF8*$!
{
	archiveVersion = 1;
	classes = {
	};
	objectVersion = 46;
	objects = {

/* Begin PBXBuildFile section */
		BF090CF41B490D8300DCAB45 /* UIDevice+Vibration.m in Sources */ = {isa = PBXBuildFile; fileRef = BF090CF31B490D8300DCAB45 /* UIDevice+Vibration.m */; };
		BF2A53FB1BB74FC10052BD0C /* SNESDeltaCore.framework in Frameworks */ = {isa = PBXBuildFile; fileRef = BFC134E01AAD82460087AD7B /* SNESDeltaCore.framework */; };
		BF2A53FC1BB74FC10052BD0C /* SNESDeltaCore.framework in Embed Frameworks */ = {isa = PBXBuildFile; fileRef = BFC134E01AAD82460087AD7B /* SNESDeltaCore.framework */; settings = {ATTRIBUTES = (CodeSignOnCopy, RemoveHeadersOnCopy, ); }; };
		BF2A53FD1BB74FC60052BD0C /* ZipZap.framework in Frameworks */ = {isa = PBXBuildFile; fileRef = BF70798B1B6B464B0019077C /* ZipZap.framework */; };
		BF2A53FE1BB74FC60052BD0C /* ZipZap.framework in Embed Frameworks */ = {isa = PBXBuildFile; fileRef = BF70798B1B6B464B0019077C /* ZipZap.framework */; settings = {ATTRIBUTES = (CodeSignOnCopy, RemoveHeadersOnCopy, ); }; };
		BF4566E81BC090B6007BFA1A /* Model.xcdatamodeld in Sources */ = {isa = PBXBuildFile; fileRef = BF4566E61BC090B6007BFA1A /* Model.xcdatamodeld */; };
		BF4566E91BC090B6007BFA1A /* Model.xcdatamodeld in Sources */ = {isa = PBXBuildFile; fileRef = BF4566E61BC090B6007BFA1A /* Model.xcdatamodeld */; };
		BF46894F1AAC46EF00A2586D /* DirectoryContentsDataSource.swift in Sources */ = {isa = PBXBuildFile; fileRef = BF46894E1AAC46EF00A2586D /* DirectoryContentsDataSource.swift */; };
		BF5E7F441B9A650B00AE44F8 /* SettingsViewController.swift in Sources */ = {isa = PBXBuildFile; fileRef = BF5E7F431B9A650B00AE44F8 /* SettingsViewController.swift */; };
		BF5E7F461B9A652600AE44F8 /* Settings.storyboard in Resources */ = {isa = PBXBuildFile; fileRef = BF5E7F451B9A652600AE44F8 /* Settings.storyboard */; };
		BF6BB23F1BB73FE800CCF94A /* AppDelegate.swift in Sources */ = {isa = PBXBuildFile; fileRef = BF6BB23E1BB73FE800CCF94A /* AppDelegate.swift */; };
		BF6BB2411BB73FE800CCF94A /* ViewController.swift in Sources */ = {isa = PBXBuildFile; fileRef = BF6BB2401BB73FE800CCF94A /* ViewController.swift */; };
		BF6BB2441BB73FE800CCF94A /* Main.storyboard in Resources */ = {isa = PBXBuildFile; fileRef = BF6BB2421BB73FE800CCF94A /* Main.storyboard */; };
		BF6BB2461BB73FE800CCF94A /* Assets.xcassets in Resources */ = {isa = PBXBuildFile; fileRef = BF6BB2451BB73FE800CCF94A /* Assets.xcassets */; };
		BF70798C1B6B464B0019077C /* ZipZap.framework in Frameworks */ = {isa = PBXBuildFile; fileRef = BF70798B1B6B464B0019077C /* ZipZap.framework */; };
		BF70798D1B6B464B0019077C /* ZipZap.framework in Embed Frameworks */ = {isa = PBXBuildFile; fileRef = BF70798B1B6B464B0019077C /* ZipZap.framework */; settings = {ATTRIBUTES = (CodeSignOnCopy, RemoveHeadersOnCopy, ); }; };
		BF762E9E1BC19D31002C8866 /* DatabaseManager.swift in Sources */ = {isa = PBXBuildFile; fileRef = BF762E9D1BC19D31002C8866 /* DatabaseManager.swift */; };
		BF762E9F1BC19D31002C8866 /* DatabaseManager.swift in Sources */ = {isa = PBXBuildFile; fileRef = BF762E9D1BC19D31002C8866 /* DatabaseManager.swift */; };
		BF8624881BB743FE00C12EEE /* Roxas.framework in Frameworks */ = {isa = PBXBuildFile; fileRef = BFEC732C1AAECC4A00650035 /* Roxas.framework */; };
		BF8624891BB743FE00C12EEE /* Roxas.framework in Embed Frameworks */ = {isa = PBXBuildFile; fileRef = BFEC732C1AAECC4A00650035 /* Roxas.framework */; settings = {ATTRIBUTES = (CodeSignOnCopy, RemoveHeadersOnCopy, ); }; };
		BF8624A91BB7464B00C12EEE /* DeltaCore.framework in Frameworks */ = {isa = PBXBuildFile; fileRef = BF9F4FCE1AAD7B87004C9500 /* DeltaCore.framework */; };
		BF8624AA1BB7464B00C12EEE /* DeltaCore.framework in Embed Frameworks */ = {isa = PBXBuildFile; fileRef = BF9F4FCE1AAD7B87004C9500 /* DeltaCore.framework */; settings = {ATTRIBUTES = (CodeSignOnCopy, RemoveHeadersOnCopy, ); }; };
		BF9F4FCF1AAD7B87004C9500 /* DeltaCore.framework in Frameworks */ = {isa = PBXBuildFile; fileRef = BF9F4FCE1AAD7B87004C9500 /* DeltaCore.framework */; };
		BF9F4FD01AAD7B87004C9500 /* DeltaCore.framework in Embed Frameworks */ = {isa = PBXBuildFile; fileRef = BF9F4FCE1AAD7B87004C9500 /* DeltaCore.framework */; settings = {ATTRIBUTES = (CodeSignOnCopy, RemoveHeadersOnCopy, ); }; };
		BFAA1FED1B8AA4FA00495943 /* Settings.swift in Sources */ = {isa = PBXBuildFile; fileRef = BFAA1FEC1B8AA4FA00495943 /* Settings.swift */; };
		BFAA1FF41B8AD7F900495943 /* ControllersSettingsViewController.swift in Sources */ = {isa = PBXBuildFile; fileRef = BFAA1FF31B8AD7F900495943 /* ControllersSettingsViewController.swift */; };
		BFC134E11AAD82460087AD7B /* SNESDeltaCore.framework in Frameworks */ = {isa = PBXBuildFile; fileRef = BFC134E01AAD82460087AD7B /* SNESDeltaCore.framework */; };
		BFC134E21AAD82470087AD7B /* SNESDeltaCore.framework in Embed Frameworks */ = {isa = PBXBuildFile; fileRef = BFC134E01AAD82460087AD7B /* SNESDeltaCore.framework */; settings = {ATTRIBUTES = (CodeSignOnCopy, RemoveHeadersOnCopy, ); }; };
		BFDE393A1BC0CEDF003F72E8 /* Game+CoreDataProperties.swift in Sources */ = {isa = PBXBuildFile; fileRef = BFDE39381BC0CEDF003F72E8 /* Game+CoreDataProperties.swift */; };
		BFDE393B1BC0CEDF003F72E8 /* Game+CoreDataProperties.swift in Sources */ = {isa = PBXBuildFile; fileRef = BFDE39381BC0CEDF003F72E8 /* Game+CoreDataProperties.swift */; };
		BFDE393C1BC0CEDF003F72E8 /* Game.swift in Sources */ = {isa = PBXBuildFile; fileRef = BFDE39391BC0CEDF003F72E8 /* Game.swift */; };
		BFDE393D1BC0CEDF003F72E8 /* Game.swift in Sources */ = {isa = PBXBuildFile; fileRef = BFDE39391BC0CEDF003F72E8 /* Game.swift */; };
		BFEC732D1AAECC4A00650035 /* Roxas.framework in Frameworks */ = {isa = PBXBuildFile; fileRef = BFEC732C1AAECC4A00650035 /* Roxas.framework */; };
		BFEC732E1AAECC4A00650035 /* Roxas.framework in Embed Frameworks */ = {isa = PBXBuildFile; fileRef = BFEC732C1AAECC4A00650035 /* Roxas.framework */; settings = {ATTRIBUTES = (CodeSignOnCopy, RemoveHeadersOnCopy, ); }; };
		BFFA71DD1AAC406100EE9DD1 /* AppDelegate.swift in Sources */ = {isa = PBXBuildFile; fileRef = BFFA71DC1AAC406100EE9DD1 /* AppDelegate.swift */; };
		BFFA71DF1AAC406100EE9DD1 /* GamesViewController.swift in Sources */ = {isa = PBXBuildFile; fileRef = BFFA71DE1AAC406100EE9DD1 /* GamesViewController.swift */; };
		BFFA71E21AAC406100EE9DD1 /* Main.storyboard in Resources */ = {isa = PBXBuildFile; fileRef = BFFA71E01AAC406100EE9DD1 /* Main.storyboard */; };
		BFFA71E71AAC406100EE9DD1 /* LaunchScreen.xib in Resources */ = {isa = PBXBuildFile; fileRef = BFFA71E51AAC406100EE9DD1 /* LaunchScreen.xib */; };
		BFFB709F1AF99B1700DE56FE /* EmulationViewController.swift in Sources */ = {isa = PBXBuildFile; fileRef = BFFB709E1AF99B1700DE56FE /* EmulationViewController.swift */; };
		BFFB70A11AF99DFB00DE56FE /* EmulationViewController.xib in Resources */ = {isa = PBXBuildFile; fileRef = BFFB70A01AF99DFB00DE56FE /* EmulationViewController.xib */; };
/* End PBXBuildFile section */

/* Begin PBXCopyFilesBuildPhase section */
		BF86248A1BB743FE00C12EEE /* Embed Frameworks */ = {
			isa = PBXCopyFilesBuildPhase;
			buildActionMask = 2147483647;
			dstPath = "";
			dstSubfolderSpec = 10;
			files = (
				BF2A53FC1BB74FC10052BD0C /* SNESDeltaCore.framework in Embed Frameworks */,
				BF8624AA1BB7464B00C12EEE /* DeltaCore.framework in Embed Frameworks */,
				BF2A53FE1BB74FC60052BD0C /* ZipZap.framework in Embed Frameworks */,
				BF8624891BB743FE00C12EEE /* Roxas.framework in Embed Frameworks */,
			);
			name = "Embed Frameworks";
			runOnlyForDeploymentPostprocessing = 0;
		};
		BF9F4FCC1AAD7AEE004C9500 /* Embed Frameworks */ = {
			isa = PBXCopyFilesBuildPhase;
			buildActionMask = 2147483647;
			dstPath = "";
			dstSubfolderSpec = 10;
			files = (
				BF9F4FD01AAD7B87004C9500 /* DeltaCore.framework in Embed Frameworks */,
				BFEC732E1AAECC4A00650035 /* Roxas.framework in Embed Frameworks */,
				BF70798D1B6B464B0019077C /* ZipZap.framework in Embed Frameworks */,
				BFC134E21AAD82470087AD7B /* SNESDeltaCore.framework in Embed Frameworks */,
			);
			name = "Embed Frameworks";
			runOnlyForDeploymentPostprocessing = 0;
		};
/* End PBXCopyFilesBuildPhase section */

/* Begin PBXFileReference section */
		BF090CF11B490D8300DCAB45 /* Delta-Bridging-Header.h */ = {isa = PBXFileReference; lastKnownFileType = sourcecode.c.h; path = "Delta-Bridging-Header.h"; sourceTree = "<group>"; };
		BF090CF21B490D8300DCAB45 /* UIDevice+Vibration.h */ = {isa = PBXFileReference; fileEncoding = 4; lastKnownFileType = sourcecode.c.h; path = "UIDevice+Vibration.h"; sourceTree = "<group>"; };
		BF090CF31B490D8300DCAB45 /* UIDevice+Vibration.m */ = {isa = PBXFileReference; fileEncoding = 4; lastKnownFileType = sourcecode.c.objc; path = "UIDevice+Vibration.m"; sourceTree = "<group>"; };
		BF4566E71BC090B6007BFA1A /* Model.xcdatamodel */ = {isa = PBXFileReference; lastKnownFileType = wrapper.xcdatamodel; path = Model.xcdatamodel; sourceTree = "<group>"; };
		BF46894E1AAC46EF00A2586D /* DirectoryContentsDataSource.swift */ = {isa = PBXFileReference; fileEncoding = 4; lastKnownFileType = sourcecode.swift; path = DirectoryContentsDataSource.swift; sourceTree = "<group>"; };
		BF5E7F431B9A650B00AE44F8 /* SettingsViewController.swift */ = {isa = PBXFileReference; fileEncoding = 4; lastKnownFileType = sourcecode.swift; path = SettingsViewController.swift; sourceTree = "<group>"; };
		BF5E7F451B9A652600AE44F8 /* Settings.storyboard */ = {isa = PBXFileReference; fileEncoding = 4; lastKnownFileType = file.storyboard; path = Settings.storyboard; sourceTree = "<group>"; };
		BF6BB23C1BB73FE800CCF94A /* Delta.app */ = {isa = PBXFileReference; explicitFileType = wrapper.application; includeInIndex = 0; path = Delta.app; sourceTree = BUILT_PRODUCTS_DIR; };
		BF6BB23E1BB73FE800CCF94A /* AppDelegate.swift */ = {isa = PBXFileReference; lastKnownFileType = sourcecode.swift; path = AppDelegate.swift; sourceTree = "<group>"; };
		BF6BB2401BB73FE800CCF94A /* ViewController.swift */ = {isa = PBXFileReference; lastKnownFileType = sourcecode.swift; path = ViewController.swift; sourceTree = "<group>"; };
		BF6BB2431BB73FE800CCF94A /* Base */ = {isa = PBXFileReference; lastKnownFileType = file.storyboard; name = Base; path = Base.lproj/Main.storyboard; sourceTree = "<group>"; };
		BF6BB2451BB73FE800CCF94A /* Assets.xcassets */ = {isa = PBXFileReference; lastKnownFileType = folder.assetcatalog; path = Assets.xcassets; sourceTree = "<group>"; };
		BF6BB2471BB73FE800CCF94A /* Info.plist */ = {isa = PBXFileReference; lastKnownFileType = text.plist.xml; path = Info.plist; sourceTree = "<group>"; };
		BF70798B1B6B464B0019077C /* ZipZap.framework */ = {isa = PBXFileReference; lastKnownFileType = wrapper.framework; path = ZipZap.framework; sourceTree = BUILT_PRODUCTS_DIR; };
		BF762E9D1BC19D31002C8866 /* DatabaseManager.swift */ = {isa = PBXFileReference; fileEncoding = 4; lastKnownFileType = sourcecode.swift; path = DatabaseManager.swift; sourceTree = "<group>"; };
		BF9F4FCE1AAD7B87004C9500 /* DeltaCore.framework */ = {isa = PBXFileReference; explicitFileType = wrapper.framework; path = DeltaCore.framework; sourceTree = BUILT_PRODUCTS_DIR; };
		BFAA1FEC1B8AA4FA00495943 /* Settings.swift */ = {isa = PBXFileReference; fileEncoding = 4; lastKnownFileType = sourcecode.swift; path = Settings.swift; sourceTree = "<group>"; };
		BFAA1FF31B8AD7F900495943 /* ControllersSettingsViewController.swift */ = {isa = PBXFileReference; fileEncoding = 4; lastKnownFileType = sourcecode.swift; path = ControllersSettingsViewController.swift; sourceTree = "<group>"; };
		BFC134E01AAD82460087AD7B /* SNESDeltaCore.framework */ = {isa = PBXFileReference; explicitFileType = wrapper.framework; path = SNESDeltaCore.framework; sourceTree = BUILT_PRODUCTS_DIR; };
		BFDE39381BC0CEDF003F72E8 /* Game+CoreDataProperties.swift */ = {isa = PBXFileReference; fileEncoding = 4; lastKnownFileType = sourcecode.swift; path = "Game+CoreDataProperties.swift"; sourceTree = "<group>"; };
		BFDE39391BC0CEDF003F72E8 /* Game.swift */ = {isa = PBXFileReference; fileEncoding = 4; lastKnownFileType = sourcecode.swift; path = Game.swift; sourceTree = "<group>"; };
		BFEC732C1AAECC4A00650035 /* Roxas.framework */ = {isa = PBXFileReference; explicitFileType = wrapper.framework; path = Roxas.framework; sourceTree = BUILT_PRODUCTS_DIR; };
		BFFA71D71AAC406100EE9DD1 /* Delta.app */ = {isa = PBXFileReference; explicitFileType = wrapper.application; includeInIndex = 0; path = Delta.app; sourceTree = BUILT_PRODUCTS_DIR; };
		BFFA71DB1AAC406100EE9DD1 /* Info.plist */ = {isa = PBXFileReference; lastKnownFileType = text.plist.xml; path = Info.plist; sourceTree = "<group>"; };
		BFFA71DC1AAC406100EE9DD1 /* AppDelegate.swift */ = {isa = PBXFileReference; lastKnownFileType = sourcecode.swift; path = AppDelegate.swift; sourceTree = "<group>"; };
		BFFA71DE1AAC406100EE9DD1 /* GamesViewController.swift */ = {isa = PBXFileReference; lastKnownFileType = sourcecode.swift; path = GamesViewController.swift; sourceTree = "<group>"; };
		BFFA71E11AAC406100EE9DD1 /* Base */ = {isa = PBXFileReference; lastKnownFileType = file.storyboard; name = Base; path = Base.lproj/Main.storyboard; sourceTree = "<group>"; };
		BFFA71E61AAC406100EE9DD1 /* Base */ = {isa = PBXFileReference; lastKnownFileType = file.xib; name = Base; path = Base.lproj/LaunchScreen.xib; sourceTree = "<group>"; };
		BFFB709E1AF99B1700DE56FE /* EmulationViewController.swift */ = {isa = PBXFileReference; fileEncoding = 4; lastKnownFileType = sourcecode.swift; path = EmulationViewController.swift; sourceTree = "<group>"; };
		BFFB70A01AF99DFB00DE56FE /* EmulationViewController.xib */ = {isa = PBXFileReference; fileEncoding = 4; lastKnownFileType = file.xib; path = EmulationViewController.xib; sourceTree = "<group>"; };
/* End PBXFileReference section */

/* Begin PBXFrameworksBuildPhase section */
		BF6BB2391BB73FE800CCF94A /* Frameworks */ = {
			isa = PBXFrameworksBuildPhase;
			buildActionMask = 2147483647;
			files = (
				BF2A53FB1BB74FC10052BD0C /* SNESDeltaCore.framework in Frameworks */,
				BF8624A91BB7464B00C12EEE /* DeltaCore.framework in Frameworks */,
				BF2A53FD1BB74FC60052BD0C /* ZipZap.framework in Frameworks */,
				BF8624881BB743FE00C12EEE /* Roxas.framework in Frameworks */,
			);
			runOnlyForDeploymentPostprocessing = 0;
		};
		BFFA71D41AAC406100EE9DD1 /* Frameworks */ = {
			isa = PBXFrameworksBuildPhase;
			buildActionMask = 2147483647;
			files = (
				BF9F4FCF1AAD7B87004C9500 /* DeltaCore.framework in Frameworks */,
				BFEC732D1AAECC4A00650035 /* Roxas.framework in Frameworks */,
				BF70798C1B6B464B0019077C /* ZipZap.framework in Frameworks */,
				BFC134E11AAD82460087AD7B /* SNESDeltaCore.framework in Frameworks */,
			);
			runOnlyForDeploymentPostprocessing = 0;
		};
/* End PBXFrameworksBuildPhase section */

/* Begin PBXGroup section */
		BF090CEE1B490C1A00DCAB45 /* Extensions */ = {
			isa = PBXGroup;
			children = (
				BF090CF21B490D8300DCAB45 /* UIDevice+Vibration.h */,
				BF090CF31B490D8300DCAB45 /* UIDevice+Vibration.m */,
			);
			path = Extensions;
			sourceTree = "<group>";
		};
		BF4566E31BC09026007BFA1A /* Common */ = {
			isa = PBXGroup;
			children = (
				BF4566E41BC0902E007BFA1A /* Database */,
			);
			path = Common;
			sourceTree = "<group>";
		};
		BF4566E41BC0902E007BFA1A /* Database */ = {
			isa = PBXGroup;
			children = (
				BF762E9D1BC19D31002C8866 /* DatabaseManager.swift */,
				BF4566E51BC09033007BFA1A /* Model */,
			);
			path = Database;
			sourceTree = "<group>";
		};
		BF4566E51BC09033007BFA1A /* Model */ = {
			isa = PBXGroup;
			children = (
				BF4566E61BC090B6007BFA1A /* Model.xcdatamodeld */,
				BFDE39391BC0CEDF003F72E8 /* Game.swift */,
				BFDE39381BC0CEDF003F72E8 /* Game+CoreDataProperties.swift */,
			);
			path = Model;
			sourceTree = "<group>";
		};
		BF46894D1AAC469800A2586D /* Game Selection */ = {
			isa = PBXGroup;
			children = (
				BF46894E1AAC46EF00A2586D /* DirectoryContentsDataSource.swift */,
				BFFA71DE1AAC406100EE9DD1 /* GamesViewController.swift */,
			);
			path = "Game Selection";
			sourceTree = "<group>";
		};
		BF6BB23D1BB73FE800CCF94A /* DeltaTV */ = {
			isa = PBXGroup;
			children = (
				BF6BB23E1BB73FE800CCF94A /* AppDelegate.swift */,
				BF6BB2421BB73FE800CCF94A /* Main.storyboard */,
				BF6BB2401BB73FE800CCF94A /* ViewController.swift */,
				BF8624621BB7400E00C12EEE /* Supporting Files */,
			);
			path = DeltaTV;
			sourceTree = "<group>";
		};
		BF8624621BB7400E00C12EEE /* Supporting Files */ = {
			isa = PBXGroup;
			children = (
				BF6BB2471BB73FE800CCF94A /* Info.plist */,
			);
			path = "Supporting Files";
			sourceTree = "<group>";
		};
		BF9F4FCD1AAD7B25004C9500 /* Frameworks */ = {
			isa = PBXGroup;
			children = (
				BF70798B1B6B464B0019077C /* ZipZap.framework */,
				BFEC732C1AAECC4A00650035 /* Roxas.framework */,
				BF9F4FCE1AAD7B87004C9500 /* DeltaCore.framework */,
				BFC134E01AAD82460087AD7B /* SNESDeltaCore.framework */,
			);
			name = Frameworks;
			sourceTree = "<group>";
		};
		BFAA1FEB1B8AA4E800495943 /* Settings */ = {
			isa = PBXGroup;
			children = (
				BFAA1FEC1B8AA4FA00495943 /* Settings.swift */,
				BF5E7F451B9A652600AE44F8 /* Settings.storyboard */,
				BF5E7F431B9A650B00AE44F8 /* SettingsViewController.swift */,
				BFAA1FF31B8AD7F900495943 /* ControllersSettingsViewController.swift */,
			);
			path = Settings;
			sourceTree = "<group>";
		};
		BFEC732F1AAECCBD00650035 /* Resources */ = {
			isa = PBXGroup;
			children = (
				BF6BB2451BB73FE800CCF94A /* Assets.xcassets */,
			);
			path = Resources;
			sourceTree = "<group>";
		};
		BFFA71CE1AAC406100EE9DD1 = {
			isa = PBXGroup;
			children = (
				BF4566E31BC09026007BFA1A /* Common */,
				BFFA71D91AAC406100EE9DD1 /* Delta */,
				BF6BB23D1BB73FE800CCF94A /* DeltaTV */,
				BF9F4FCD1AAD7B25004C9500 /* Frameworks */,
				BFFA71D81AAC406100EE9DD1 /* Products */,
				BFEC732F1AAECCBD00650035 /* Resources */,
			);
			sourceTree = "<group>";
		};
		BFFA71D81AAC406100EE9DD1 /* Products */ = {
			isa = PBXGroup;
			children = (
				BFFA71D71AAC406100EE9DD1 /* Delta.app */,
				BF6BB23C1BB73FE800CCF94A /* Delta.app */,
			);
			name = Products;
			sourceTree = "<group>";
		};
		BFFA71D91AAC406100EE9DD1 /* Delta */ = {
			isa = PBXGroup;
			children = (
				BFFA71DC1AAC406100EE9DD1 /* AppDelegate.swift */,
				BFFA71E01AAC406100EE9DD1 /* Main.storyboard */,
				BF46894D1AAC469800A2586D /* Game Selection */,
				BFFB709D1AF99ACA00DE56FE /* Emulation */,
				BFAA1FEB1B8AA4E800495943 /* Settings */,
				BF090CEE1B490C1A00DCAB45 /* Extensions */,
				BFFA71DA1AAC406100EE9DD1 /* Supporting Files */,
			);
			path = Delta;
			sourceTree = "<group>";
		};
		BFFA71DA1AAC406100EE9DD1 /* Supporting Files */ = {
			isa = PBXGroup;
			children = (
				BF090CF11B490D8300DCAB45 /* Delta-Bridging-Header.h */,
				BFFA71DB1AAC406100EE9DD1 /* Info.plist */,
				BFFA71E51AAC406100EE9DD1 /* LaunchScreen.xib */,
			);
			path = "Supporting Files";
			sourceTree = "<group>";
		};
		BFFB709D1AF99ACA00DE56FE /* Emulation */ = {
			isa = PBXGroup;
			children = (
				BFFB709E1AF99B1700DE56FE /* EmulationViewController.swift */,
				BFFB70A01AF99DFB00DE56FE /* EmulationViewController.xib */,
			);
			path = Emulation;
			sourceTree = "<group>";
		};
/* End PBXGroup section */

/* Begin PBXNativeTarget section */
		BF6BB23B1BB73FE800CCF94A /* DeltaTV */ = {
			isa = PBXNativeTarget;
			buildConfigurationList = BF6BB2481BB73FE800CCF94A /* Build configuration list for PBXNativeTarget "DeltaTV" */;
			buildPhases = (
				BF6BB2381BB73FE800CCF94A /* Sources */,
				BF6BB2391BB73FE800CCF94A /* Frameworks */,
				BF6BB23A1BB73FE800CCF94A /* Resources */,
				BF86248A1BB743FE00C12EEE /* Embed Frameworks */,
			);
			buildRules = (
			);
			dependencies = (
			);
			name = DeltaTV;
			productName = DeltaTV;
			productReference = BF6BB23C1BB73FE800CCF94A /* Delta.app */;
			productType = "com.apple.product-type.application";
		};
		BFFA71D61AAC406100EE9DD1 /* Delta */ = {
			isa = PBXNativeTarget;
			buildConfigurationList = BFFA71F61AAC406100EE9DD1 /* Build configuration list for PBXNativeTarget "Delta" */;
			buildPhases = (
				BFFA71D31AAC406100EE9DD1 /* Sources */,
				BFFA71D41AAC406100EE9DD1 /* Frameworks */,
				BFFA71D51AAC406100EE9DD1 /* Resources */,
				BF9F4FCC1AAD7AEE004C9500 /* Embed Frameworks */,
			);
			buildRules = (
			);
			dependencies = (
			);
			name = Delta;
			productName = Delta;
			productReference = BFFA71D71AAC406100EE9DD1 /* Delta.app */;
			productType = "com.apple.product-type.application";
		};
/* End PBXNativeTarget section */

/* Begin PBXProject section */
		BFFA71CF1AAC406100EE9DD1 /* Project object */ = {
			isa = PBXProject;
			attributes = {
				LastSwiftUpdateCheck = 0700;
				LastUpgradeCheck = 0700;
				ORGANIZATIONNAME = "Riley Testut";
				TargetAttributes = {
					BF6BB23B1BB73FE800CCF94A = {
						CreatedOnToolsVersion = 7.1;
						DevelopmentTeam = 6XVY5G3U44;
					};
					BFFA71D61AAC406100EE9DD1 = {
						CreatedOnToolsVersion = 6.3;
						DevelopmentTeam = 6XVY5G3U44;
					};
				};
			};
			buildConfigurationList = BFFA71D21AAC406100EE9DD1 /* Build configuration list for PBXProject "Delta" */;
			compatibilityVersion = "Xcode 3.2";
			developmentRegion = English;
			hasScannedForEncodings = 0;
			knownRegions = (
				en,
				Base,
			);
			mainGroup = BFFA71CE1AAC406100EE9DD1;
			productRefGroup = BFFA71D81AAC406100EE9DD1 /* Products */;
			projectDirPath = "";
			projectRoot = "";
			targets = (
				BFFA71D61AAC406100EE9DD1 /* Delta */,
				BF6BB23B1BB73FE800CCF94A /* DeltaTV */,
			);
		};
/* End PBXProject section */

/* Begin PBXResourcesBuildPhase section */
		BF6BB23A1BB73FE800CCF94A /* Resources */ = {
			isa = PBXResourcesBuildPhase;
			buildActionMask = 2147483647;
			files = (
				BF6BB2461BB73FE800CCF94A /* Assets.xcassets in Resources */,
				BF6BB2441BB73FE800CCF94A /* Main.storyboard in Resources */,
			);
			runOnlyForDeploymentPostprocessing = 0;
		};
		BFFA71D51AAC406100EE9DD1 /* Resources */ = {
			isa = PBXResourcesBuildPhase;
			buildActionMask = 2147483647;
			files = (
				BFFA71E21AAC406100EE9DD1 /* Main.storyboard in Resources */,
				BFFB70A11AF99DFB00DE56FE /* EmulationViewController.xib in Resources */,
				BFFA71E71AAC406100EE9DD1 /* LaunchScreen.xib in Resources */,
				BF5E7F461B9A652600AE44F8 /* Settings.storyboard in Resources */,
			);
			runOnlyForDeploymentPostprocessing = 0;
		};
/* End PBXResourcesBuildPhase section */

/* Begin PBXSourcesBuildPhase section */
		BF6BB2381BB73FE800CCF94A /* Sources */ = {
			isa = PBXSourcesBuildPhase;
			buildActionMask = 2147483647;
			files = (
				BF6BB2411BB73FE800CCF94A /* ViewController.swift in Sources */,
				BFDE393D1BC0CEDF003F72E8 /* Game.swift in Sources */,
				BF762E9F1BC19D31002C8866 /* DatabaseManager.swift in Sources */,
				BFDE393B1BC0CEDF003F72E8 /* Game+CoreDataProperties.swift in Sources */,
				BF6BB23F1BB73FE800CCF94A /* AppDelegate.swift in Sources */,
				BF4566E91BC090B6007BFA1A /* Model.xcdatamodeld in Sources */,
			);
			runOnlyForDeploymentPostprocessing = 0;
		};
		BFFA71D31AAC406100EE9DD1 /* Sources */ = {
			isa = PBXSourcesBuildPhase;
			buildActionMask = 2147483647;
			files = (
				BFAA1FED1B8AA4FA00495943 /* Settings.swift in Sources */,
				BFFA71DF1AAC406100EE9DD1 /* GamesViewController.swift in Sources */,
				BFFB709F1AF99B1700DE56FE /* EmulationViewController.swift in Sources */,
				BFAA1FF41B8AD7F900495943 /* ControllersSettingsViewController.swift in Sources */,
				BFFA71DD1AAC406100EE9DD1 /* AppDelegate.swift in Sources */,
				BF4566E81BC090B6007BFA1A /* Model.xcdatamodeld in Sources */,
				BFDE393C1BC0CEDF003F72E8 /* Game.swift in Sources */,
				BF46894F1AAC46EF00A2586D /* DirectoryContentsDataSource.swift in Sources */,
				BF762E9E1BC19D31002C8866 /* DatabaseManager.swift in Sources */,
				BF090CF41B490D8300DCAB45 /* UIDevice+Vibration.m in Sources */,
				BF5E7F441B9A650B00AE44F8 /* SettingsViewController.swift in Sources */,
				BFDE393A1BC0CEDF003F72E8 /* Game+CoreDataProperties.swift in Sources */,
			);
			runOnlyForDeploymentPostprocessing = 0;
		};
/* End PBXSourcesBuildPhase section */

/* Begin PBXVariantGroup section */
		BF6BB2421BB73FE800CCF94A /* Main.storyboard */ = {
			isa = PBXVariantGroup;
			children = (
				BF6BB2431BB73FE800CCF94A /* Base */,
			);
			name = Main.storyboard;
			path = .;
			sourceTree = "<group>";
		};
		BFFA71E01AAC406100EE9DD1 /* Main.storyboard */ = {
			isa = PBXVariantGroup;
			children = (
				BFFA71E11AAC406100EE9DD1 /* Base */,
			);
			name = Main.storyboard;
			path = .;
			sourceTree = "<group>";
		};
		BFFA71E51AAC406100EE9DD1 /* LaunchScreen.xib */ = {
			isa = PBXVariantGroup;
			children = (
				BFFA71E61AAC406100EE9DD1 /* Base */,
			);
			name = LaunchScreen.xib;
			path = .;
			sourceTree = "<group>";
		};
/* End PBXVariantGroup section */

/* Begin XCBuildConfiguration section */
		BF6BB2491BB73FE800CCF94A /* Debug */ = {
			isa = XCBuildConfiguration;
			buildSettings = {
				ASSETCATALOG_COMPILER_APPICON_NAME = "App Icon & Top Shelf Image";
				ASSETCATALOG_COMPILER_LAUNCHIMAGE_NAME = LaunchImage;
				CODE_SIGN_IDENTITY = "iPhone Developer";
				"CODE_SIGN_IDENTITY[sdk=appletvos*]" = "iPhone Developer";
				INFOPLIST_FILE = "DeltaTV/Supporting Files/Info.plist";
				LD_RUNPATH_SEARCH_PATHS = "$(inherited) @executable_path/Frameworks";
				PROVISIONING_PROFILE = "";
				SDKROOT = appletvos;
				TARGETED_DEVICE_FAMILY = 3;
				TVOS_DEPLOYMENT_TARGET = 9.0;
			};
			name = Debug;
		};
		BF6BB24A1BB73FE800CCF94A /* Release */ = {
			isa = XCBuildConfiguration;
			buildSettings = {
				ASSETCATALOG_COMPILER_APPICON_NAME = "App Icon & Top Shelf Image";
				ASSETCATALOG_COMPILER_LAUNCHIMAGE_NAME = LaunchImage;
				CODE_SIGN_IDENTITY = "iPhone Developer";
				"CODE_SIGN_IDENTITY[sdk=appletvos*]" = "iPhone Developer";
				INFOPLIST_FILE = "DeltaTV/Supporting Files/Info.plist";
				LD_RUNPATH_SEARCH_PATHS = "$(inherited) @executable_path/Frameworks";
				PROVISIONING_PROFILE = "";
				SDKROOT = appletvos;
				TARGETED_DEVICE_FAMILY = 3;
				TVOS_DEPLOYMENT_TARGET = 9.0;
			};
			name = Release;
		};
		BFFA71F41AAC406100EE9DD1 /* Debug */ = {
			isa = XCBuildConfiguration;
			buildSettings = {
				ALWAYS_SEARCH_USER_PATHS = NO;
				CLANG_CXX_LANGUAGE_STANDARD = "gnu++0x";
				CLANG_CXX_LIBRARY = "libc++";
				CLANG_ENABLE_MODULES = YES;
				CLANG_ENABLE_OBJC_ARC = YES;
				CLANG_WARN_BOOL_CONVERSION = YES;
				CLANG_WARN_CONSTANT_CONVERSION = YES;
				CLANG_WARN_DIRECT_OBJC_ISA_USAGE = YES_ERROR;
				CLANG_WARN_EMPTY_BODY = YES;
				CLANG_WARN_ENUM_CONVERSION = YES;
				CLANG_WARN_INT_CONVERSION = YES;
				CLANG_WARN_OBJC_ROOT_CLASS = YES_ERROR;
				CLANG_WARN_UNREACHABLE_CODE = YES;
				CLANG_WARN__DUPLICATE_METHOD_MATCH = YES;
				"CODE_SIGN_IDENTITY[sdk=iphoneos*]" = "iPhone Developer";
				COPY_PHASE_STRIP = NO;
				DEBUG_INFORMATION_FORMAT = dwarf;
				ENABLE_STRICT_OBJC_MSGSEND = YES;
				ENABLE_TESTABILITY = YES;
				GCC_C_LANGUAGE_STANDARD = gnu99;
				GCC_DYNAMIC_NO_PIC = NO;
				GCC_NO_COMMON_BLOCKS = YES;
				GCC_OPTIMIZATION_LEVEL = 0;
				GCC_PREPROCESSOR_DEFINITIONS = (
					"DEBUG=1",
					"$(inherited)",
				);
				GCC_SYMBOLS_PRIVATE_EXTERN = NO;
				GCC_WARN_64_TO_32_BIT_CONVERSION = YES;
				GCC_WARN_ABOUT_RETURN_TYPE = YES_ERROR;
				GCC_WARN_UNDECLARED_SELECTOR = YES;
				GCC_WARN_UNINITIALIZED_AUTOS = YES_AGGRESSIVE;
				GCC_WARN_UNUSED_FUNCTION = YES;
				GCC_WARN_UNUSED_VARIABLE = YES;
				IPHONEOS_DEPLOYMENT_TARGET = 8.3;
				MTL_ENABLE_DEBUG_INFO = YES;
				ONLY_ACTIVE_ARCH = YES;
				PRODUCT_BUNDLE_IDENTIFIER = com.rileytestut.Delta;
				PRODUCT_NAME = Delta;
				SDKROOT = iphoneos;
				SWIFT_OPTIMIZATION_LEVEL = "-Onone";
			};
			name = Debug;
		};
		BFFA71F51AAC406100EE9DD1 /* Release */ = {
			isa = XCBuildConfiguration;
			buildSettings = {
				ALWAYS_SEARCH_USER_PATHS = NO;
				CLANG_CXX_LANGUAGE_STANDARD = "gnu++0x";
				CLANG_CXX_LIBRARY = "libc++";
				CLANG_ENABLE_MODULES = YES;
				CLANG_ENABLE_OBJC_ARC = YES;
				CLANG_WARN_BOOL_CONVERSION = YES;
				CLANG_WARN_CONSTANT_CONVERSION = YES;
				CLANG_WARN_DIRECT_OBJC_ISA_USAGE = YES_ERROR;
				CLANG_WARN_EMPTY_BODY = YES;
				CLANG_WARN_ENUM_CONVERSION = YES;
				CLANG_WARN_INT_CONVERSION = YES;
				CLANG_WARN_OBJC_ROOT_CLASS = YES_ERROR;
				CLANG_WARN_UNREACHABLE_CODE = YES;
				CLANG_WARN__DUPLICATE_METHOD_MATCH = YES;
				"CODE_SIGN_IDENTITY[sdk=iphoneos*]" = "iPhone Distribution";
				COPY_PHASE_STRIP = NO;
				DEBUG_INFORMATION_FORMAT = "dwarf-with-dsym";
				ENABLE_NS_ASSERTIONS = NO;
				ENABLE_STRICT_OBJC_MSGSEND = YES;
				GCC_C_LANGUAGE_STANDARD = gnu99;
				GCC_NO_COMMON_BLOCKS = YES;
				GCC_SYMBOLS_PRIVATE_EXTERN = NO;
				GCC_WARN_64_TO_32_BIT_CONVERSION = YES;
				GCC_WARN_ABOUT_RETURN_TYPE = YES_ERROR;
				GCC_WARN_UNDECLARED_SELECTOR = YES;
				GCC_WARN_UNINITIALIZED_AUTOS = YES_AGGRESSIVE;
				GCC_WARN_UNUSED_FUNCTION = YES;
				GCC_WARN_UNUSED_VARIABLE = YES;
				IPHONEOS_DEPLOYMENT_TARGET = 8.3;
				MTL_ENABLE_DEBUG_INFO = NO;
				PRODUCT_BUNDLE_IDENTIFIER = com.rileytestut.Delta;
				PRODUCT_NAME = Delta;
				SDKROOT = iphoneos;
				VALIDATE_PRODUCT = YES;
			};
			name = Release;
		};
		BFFA71F71AAC406100EE9DD1 /* Debug */ = {
			isa = XCBuildConfiguration;
			buildSettings = {
				ASSETCATALOG_COMPILER_APPICON_NAME = AppIcon;
				CLANG_ENABLE_MODULES = YES;
				CODE_SIGN_IDENTITY = "iPhone Developer";
				"CODE_SIGN_IDENTITY[sdk=iphoneos*]" = "iPhone Developer";
				INFOPLIST_FILE = "Delta/Supporting Files/Info.plist";
				IPHONEOS_DEPLOYMENT_TARGET = 8.0;
				LD_RUNPATH_SEARCH_PATHS = "$(inherited) @executable_path/Frameworks";
				OTHER_CFLAGS = "";
				PROVISIONING_PROFILE = "";
				SWIFT_OBJC_BRIDGING_HEADER = "Delta/Supporting Files/Delta-Bridging-Header.h";
				SWIFT_OPTIMIZATION_LEVEL = "-Onone";
			};
			name = Debug;
		};
		BFFA71F81AAC406100EE9DD1 /* Release */ = {
			isa = XCBuildConfiguration;
			buildSettings = {
				ASSETCATALOG_COMPILER_APPICON_NAME = AppIcon;
				CLANG_ENABLE_MODULES = YES;
				CODE_SIGN_IDENTITY = "iPhone Developer";
				"CODE_SIGN_IDENTITY[sdk=iphoneos*]" = "iPhone Developer";
				INFOPLIST_FILE = "Delta/Supporting Files/Info.plist";
				IPHONEOS_DEPLOYMENT_TARGET = 8.0;
				LD_RUNPATH_SEARCH_PATHS = "$(inherited) @executable_path/Frameworks";
				OTHER_CFLAGS = "";
				PROVISIONING_PROFILE = "";
				SWIFT_OBJC_BRIDGING_HEADER = "Delta/Supporting Files/Delta-Bridging-Header.h";
			};
			name = Release;
		};
/* End XCBuildConfiguration section */

/* Begin XCConfigurationList section */
		BF6BB2481BB73FE800CCF94A /* Build configuration list for PBXNativeTarget "DeltaTV" */ = {
			isa = XCConfigurationList;
			buildConfigurations = (
				BF6BB2491BB73FE800CCF94A /* Debug */,
				BF6BB24A1BB73FE800CCF94A /* Release */,
			);
			defaultConfigurationIsVisible = 0;
			defaultConfigurationName = Release;
		};
		BFFA71D21AAC406100EE9DD1 /* Build configuration list for PBXProject "Delta" */ = {
			isa = XCConfigurationList;
			buildConfigurations = (
				BFFA71F41AAC406100EE9DD1 /* Debug */,
				BFFA71F51AAC406100EE9DD1 /* Release */,
			);
			defaultConfigurationIsVisible = 0;
			defaultConfigurationName = Release;
		};
		BFFA71F61AAC406100EE9DD1 /* Build configuration list for PBXNativeTarget "Delta" */ = {
			isa = XCConfigurationList;
			buildConfigurations = (
				BFFA71F71AAC406100EE9DD1 /* Debug */,
				BFFA71F81AAC406100EE9DD1 /* Release */,
			);
			defaultConfigurationIsVisible = 0;
			defaultConfigurationName = Release;
		};
/* End XCConfigurationList section */

/* Begin XCVersionGroup section */
		BF4566E61BC090B6007BFA1A /* Model.xcdatamodeld */ = {
			isa = XCVersionGroup;
			children = (
				BF4566E71BC090B6007BFA1A /* Model.xcdatamodel */,
			);
			currentVersion = BF4566E71BC090B6007BFA1A /* Model.xcdatamodel */;
			path = Model.xcdatamodeld;
			sourceTree = "<group>";
			versionGroupType = wrapper.xcdatamodel;
		};
/* End XCVersionGroup section */
	};
	rootObject = BFFA71CF1AAC406100EE9DD1 /* Project object */;
}
