// !$*UTF8*$!
{
	archiveVersion = 1;
	classes = {
	};
	objectVersion = 51;
	objects = {

/* Begin PBXBuildFile section */
		0089C2FDC6C000627818BDBB /* PreviewGameViewController.swift in Sources */ = {isa = PBXBuildFile; fileRef = 5FAA3780D53BB74067BC2E18 /* PreviewGameViewController.swift */; };
		026405FBF9DFAD90E7F79A6D /* GamesDatabase.storyboard in Resources */ = {isa = PBXBuildFile; fileRef = 8AB2125770E4B875BCAD4CF9 /* GamesDatabase.storyboard */; };
		02AE42739F86F21A854E3CE3 /* _GameControllerInputMapping.swift in Sources */ = {isa = PBXBuildFile; fileRef = 96704D8CC10354B9C71AE4A0 /* _GameControllerInputMapping.swift */; };
		02FCA9F5A67DC9DF1B5AC2D7 /* UILabel+FontSize.swift in Sources */ = {isa = PBXBuildFile; fileRef = 4FD25E457AED11EA673EC6B1 /* UILabel+FontSize.swift */; };
		03483ACAD141EAC6E3494D22 /* NSFetchedResultsController+Conveniences.m in Sources */ = {isa = PBXBuildFile; fileRef = E958396B54407688D4D68D80 /* NSFetchedResultsController+Conveniences.m */; };
		03C8598D5698B7776560FB3B /* DeltaToDelta2.xcmappingmodel in Sources */ = {isa = PBXBuildFile; fileRef = AD0DF6A9A5C076966A17F971 /* DeltaToDelta2.xcmappingmodel */; };
		0501A1B1574765CF5BB0EA20 /* UIDevice+Processor.swift in Sources */ = {isa = PBXBuildFile; fileRef = 97D8258E10CB5DF411A01571 /* UIDevice+Processor.swift */; };
		0606DB7706DA9DD770D503AB /* LaunchScreen.storyboard in Resources */ = {isa = PBXBuildFile; fileRef = 10921D3634F9CF3E46F82FEE /* LaunchScreen.storyboard */; };
		0723DB9CA3F27D8168DD0464 /* DatabaseManager.swift in Sources */ = {isa = PBXBuildFile; fileRef = 533DFCD8370B1480896772C1 /* DatabaseManager.swift */; };
		09F52BDA35606C883126A6FC /* GoogleServiceInfo.swift in Sources */ = {isa = PBXBuildFile; fileRef = 8EB750401B7F78BE2B814CCA /* GoogleServiceInfo.swift */; };
		0AF2C56EDF7AA9078BA20D27 /* LicensesViewController.swift in Sources */ = {isa = PBXBuildFile; fileRef = E3ADEECAAF08AF7C8AC3DE04 /* LicensesViewController.swift */; };
		0B1A14AC1738DA36817D3264 /* ClipboardImportOption.swift in Sources */ = {isa = PBXBuildFile; fileRef = A7F0D2434F6DA53D7CD9BB73 /* ClipboardImportOption.swift */; };
		0B37BE5372B50C1C28CD94B5 /* libz.tbd in Frameworks */ = {isa = PBXBuildFile; fileRef = C5FFF8EDA265B5A39B605F12 /* libz.tbd */; };
		0F8E9F8C65AF5A8382153E2D /* RecordVersionsViewController.swift in Sources */ = {isa = PBXBuildFile; fileRef = 12B6861E91A16FEF8D217BA9 /* RecordVersionsViewController.swift */; };
		103787083A3DD7D816E6C13A /* LaunchViewController.swift in Sources */ = {isa = PBXBuildFile; fileRef = 2C499D8623F47F9A080B76C4 /* LaunchViewController.swift */; };
		1318F4AF747A3A57EA9E6154 /* AppDelegate.swift in Sources */ = {isa = PBXBuildFile; fileRef = B49B947789BA990566E329C5 /* AppDelegate.swift */; };
		15C93D70957EC96F59007644 /* DeepLink.swift in Sources */ = {isa = PBXBuildFile; fileRef = BF4DF416634ADEB234116724 /* DeepLink.swift */; };
		1730A00FA595290697F6CE32 /* Settings.swift in Sources */ = {isa = PBXBuildFile; fileRef = E0BC4AFC8AAAE87FCD934A6B /* Settings.swift */; };
		182F7AFF7E9C514ED223284F /* GamesDatabaseImportOption.swift in Sources */ = {isa = PBXBuildFile; fileRef = E0E83D3A8B7CB430B4E0D903 /* GamesDatabaseImportOption.swift */; };
		197283C4AE039BF0BB3E225B /* RecordSyncStatusViewController.swift in Sources */ = {isa = PBXBuildFile; fileRef = 5EE8861AC25910AD1A0E5445 /* RecordSyncStatusViewController.swift */; };
		1A834F597EFA3CEC49FD4796 /* SyncManager.swift in Sources */ = {isa = PBXBuildFile; fileRef = 6A8E17996A6C14F9A4D9D961 /* SyncManager.swift */; };
		1C090BA3A1687AC771907AA9 /* EditCheatViewController.swift in Sources */ = {isa = PBXBuildFile; fileRef = 4577BAD89F7029AD1C96620A /* EditCheatViewController.swift */; };
		1F9E972D24F929B822742E70 /* ActionInput.swift in Sources */ = {isa = PBXBuildFile; fileRef = 513440CFB57903D7086539A1 /* ActionInput.swift */; };
		258BEF8A6A4F37D471963CD0 /* GamesStoryboardSegue.swift in Sources */ = {isa = PBXBuildFile; fileRef = 5FE56BFC65E1E4BA1668103F /* GamesStoryboardSegue.swift */; };
		27F55F16CCFCA6D6DAF6DC8D /* Delta3ToDelta4.xcmappingmodel in Sources */ = {isa = PBXBuildFile; fileRef = 1278E32188328BC3B71977B7 /* Delta3ToDelta4.xcmappingmodel */; };
		28BDF1C53143262F7A365372 /* PauseTransitionCoordinator.swift in Sources */ = {isa = PBXBuildFile; fileRef = B09DB5F3412342ACD7C72997 /* PauseTransitionCoordinator.swift */; };
		2A559A25E24B0B9410A589AA /* GameCollectionViewController.swift in Sources */ = {isa = PBXBuildFile; fileRef = 341CD8E2863951EF46EE87CB /* GameCollectionViewController.swift */; };
		2CF6062275323C8256F3CE6F /* GridMenuViewController.swift in Sources */ = {isa = PBXBuildFile; fileRef = B8EFEC67E6B47223A6091C5A /* GridMenuViewController.swift */; };
		2DB6D652A2BE585AE3DF765F /* Input+Display.swift in Sources */ = {isa = PBXBuildFile; fileRef = 341F853802A2A7666275451D /* Input+Display.swift */; };
		2E1404104C7A4862E88D8286 /* GamesPresentationController.swift in Sources */ = {isa = PBXBuildFile; fileRef = CC4DE32CA856169D7F8A2F1B /* GamesPresentationController.swift */; };
		319CABBC2C7F87817580697E /* DeSmuMEDeltaCore.framework in Frameworks */ = {isa = PBXBuildFile; fileRef = 6BCBFFECD1608C6C1966D11F /* DeSmuMEDeltaCore.framework */; };
		322C3E3F23446153172DF8E8 /* GameControllerInputMappingMigrationPolicy.swift in Sources */ = {isa = PBXBuildFile; fileRef = 69444AA8981965D24DD731B6 /* GameControllerInputMappingMigrationPolicy.swift */; };
		326DC2FAE675F79E2E6E4E00 /* SaveStatesStoryboardSegue.swift in Sources */ = {isa = PBXBuildFile; fileRef = 08A43751AC65E482AE7FA4C2 /* SaveStatesStoryboardSegue.swift */; };
		3340A81E39BFF64D4898DFAF /* HarmonyMetadataKey+Keys.swift in Sources */ = {isa = PBXBuildFile; fileRef = 40E8F26BDF6E2BCABD14F8F9 /* HarmonyMetadataKey+Keys.swift */; };
		367E4E2C43FFE2D6D119684A /* DeSmuMEDeltaCore.framework in Embed Frameworks */ = {isa = PBXBuildFile; fileRef = 6BCBFFECD1608C6C1966D11F /* DeSmuMEDeltaCore.framework */; settings = {ATTRIBUTES = (CodeSignOnCopy, RemoveHeadersOnCopy, ); }; };
		36B23A61EC1FC340284DB083 /* Delta2ToDelta3.xcmappingmodel in Sources */ = {isa = PBXBuildFile; fileRef = D2F4A78FC84A077A04D3B4FB /* Delta2ToDelta3.xcmappingmodel */; };
		36F35249CB54241658520670 /* GamesDatabase.swift in Sources */ = {isa = PBXBuildFile; fileRef = CD2B0866FA49E75F90AB6221 /* GamesDatabase.swift */; };
		3F5503C5011F2BBA55111503 /* System.swift in Sources */ = {isa = PBXBuildFile; fileRef = B044256CFBD3AC9B23B92B23 /* System.swift */; };
		413DD95653B1E52217216D1A /* Game.swift in Sources */ = {isa = PBXBuildFile; fileRef = 07738CB34B08B64B6AEEC3C3 /* Game.swift */; };
		47486E81810BC69CBE0FCCF1 /* GamesDatabaseBrowserViewController.swift in Sources */ = {isa = PBXBuildFile; fileRef = 0EEA8379C54ACBA34F228108 /* GamesDatabaseBrowserViewController.swift */; };
		47DB018F34F7996DE713AB5F /* NSManagedObjectContext+Conveniences.swift in Sources */ = {isa = PBXBuildFile; fileRef = E0EEFA4A3A6AD2F6B0BDFA66 /* NSManagedObjectContext+Conveniences.swift */; };
		48ACD70CFDDD39CADD835EEF /* LoadImageURLOperation.swift in Sources */ = {isa = PBXBuildFile; fileRef = C7E3BA98B1F1A619BC6F31C4 /* LoadImageURLOperation.swift */; };
		490F412F85E30645B31162D3 /* PopoverMenuController.swift in Sources */ = {isa = PBXBuildFile; fileRef = E2D78E36B3E32890BCF08E9B /* PopoverMenuController.swift */; };
		4CA849F5F997EAC10EF17015 /* SyncResultsViewController.storyboard in Resources */ = {isa = PBXBuildFile; fileRef = 09F29303450FC679619AAFCC /* SyncResultsViewController.storyboard */; };
		4CEE0E8BEABFF018D892DD05 /* PausePresentationController.swift in Sources */ = {isa = PBXBuildFile; fileRef = A779B338A6671046AD382893 /* PausePresentationController.swift */; };
		51645BCCF730AA9AD192A3A9 /* GameControllerInputMappingTransformer.swift in Sources */ = {isa = PBXBuildFile; fileRef = 7B69C26EE223EFC5E421763F /* GameControllerInputMappingTransformer.swift */; };
		51A27B909C67DE1C7369D8B1 /* PauseMenu.storyboard in Resources */ = {isa = PBXBuildFile; fileRef = 70E5675EC2F586B800B6B4D5 /* PauseMenu.storyboard */; };
		5236BD4BD10C202C286A0A21 /* MelonDSDeltaCore.framework in Frameworks */ = {isa = PBXBuildFile; fileRef = F3DC2C823C3A7E639A60EFB4 /* MelonDSDeltaCore.framework */; };
		529CE35077275B97B64FAB5A /* SaveStateMigrationPolicy.swift in Sources */ = {isa = PBXBuildFile; fileRef = E10603DDDF6B106FFCEA3BC4 /* SaveStateMigrationPolicy.swift */; };
		549C0609DD68126B5B60CCB8 /* GridCollectionViewLayout.swift in Sources */ = {isa = PBXBuildFile; fileRef = 2841B7EAC9EE82BBEE8A23BD /* GridCollectionViewLayout.swift */; };
		54DD45E89041C5E5C3FDF472 /* DeltaCore.framework in Embed Frameworks */ = {isa = PBXBuildFile; fileRef = E8B017F439201432B8C20011 /* DeltaCore.framework */; settings = {ATTRIBUTES = (CodeSignOnCopy, RemoveHeadersOnCopy, ); }; };
		550B32D74F6E1E7BC6380166 /* GameTableViewCell.swift in Sources */ = {isa = PBXBuildFile; fileRef = A5684F979A519141101502A0 /* GameTableViewCell.swift */; };
		568C4569DB484D5A12C39A70 /* GameMetadata.swift in Sources */ = {isa = PBXBuildFile; fileRef = 836C17E0B2FE4D07B807DFAA /* GameMetadata.swift */; };
		59E1C83313EC3D7A118073C7 /* Delta5ToDelta6.xcmappingmodel in Sources */ = {isa = PBXBuildFile; fileRef = 82951EC516AD98256CA95956 /* Delta5ToDelta6.xcmappingmodel */; };
		5A893899E7BC4870A6A2D4AB /* Mupen64PlusDeltaCore.framework in Embed Frameworks */ = {isa = PBXBuildFile; fileRef = C623CA78E48FE797B6FD08B9 /* Mupen64PlusDeltaCore.framework */; settings = {ATTRIBUTES = (CodeSignOnCopy, RemoveHeadersOnCopy, ); }; };
		5E6F2A455ADD722E2FB3E0CC /* MenuItem.swift in Sources */ = {isa = PBXBuildFile; fileRef = 7F3DF17A09C6A2FEDFDEA08A /* MenuItem.swift */; };
		618920DCE912FC51F92FDAFC /* ControllerInputsViewController.swift in Sources */ = {isa = PBXBuildFile; fileRef = CC3A10AAE7A8979FDC1B690C /* ControllerInputsViewController.swift */; };
		6253308F8023F3A105CAD33D /* DS.png in Resources */ = {isa = PBXBuildFile; fileRef = 23150083DBAC8879D837FCC4 /* DS.png */; };
		6437A6EFDF03CC34B35B6010 /* DeepLinkController.swift in Sources */ = {isa = PBXBuildFile; fileRef = A6287D1498934ABE0FECEF96 /* DeepLinkController.swift */; };
		678255610CDB58391246B6B0 /* SaveStatesCollectionHeaderView.swift in Sources */ = {isa = PBXBuildFile; fileRef = 11B856FA2FE876F0A6E6DEAB /* SaveStatesCollectionHeaderView.swift */; };
		6AA36DA37684D451CB59D98F /* AppIconShortcutsViewController.swift in Sources */ = {isa = PBXBuildFile; fileRef = 2DCF29104C64DECA9E8C4972 /* AppIconShortcutsViewController.swift */; };
		6ACC28632A0D36E4EDEF6343 /* Mupen64PlusDeltaCore.framework in Frameworks */ = {isa = PBXBuildFile; fileRef = C623CA78E48FE797B6FD08B9 /* Mupen64PlusDeltaCore.framework */; };
		6AF526D2D475DBC6E8376B61 /* GameViewController.swift in Sources */ = {isa = PBXBuildFile; fileRef = A622359A3A7E97DC8ECA8B4C /* GameViewController.swift */; };
		6D3A4061B951C1217AC39428 /* openvgdb.sqlite in Resources */ = {isa = PBXBuildFile; fileRef = 22CDFD37F29E5D0AC1197F35 /* openvgdb.sqlite */; };
		70F3EB457A8974856A66990C /* UIAlertController+Error.swift in Sources */ = {isa = PBXBuildFile; fileRef = 71537CF04F6BF06E82EDB160 /* UIAlertController+Error.swift */; };
		736F0BC549B61E6FFEB1A3F0 /* Bundle+SwizzleBundleID.swift in Sources */ = {isa = PBXBuildFile; fileRef = 2CCF97BEE03ED360B12C7601 /* Bundle+SwizzleBundleID.swift */; };
		73F2DF7A26336ABF7C8AF974 /* PauseViewController.swift in Sources */ = {isa = PBXBuildFile; fileRef = 8946A125B434AFCEA52D243D /* PauseViewController.swift */; };
		7429375692926E3E1B2E8F3A /* LoadControllerSkinImageOperation.swift in Sources */ = {isa = PBXBuildFile; fileRef = 550A4E69370FF857729DB796 /* LoadControllerSkinImageOperation.swift */; };
		748F08DDF3D4EFB67A1253F7 /* PreferredControllerSkinsViewController.swift in Sources */ = {isa = PBXBuildFile; fileRef = 5DCAFACEA98AE8C4CD01855F /* PreferredControllerSkinsViewController.swift */; };
		76B348D67E9583508C8F45EF /* CopyDeepLinkActivity.swift in Sources */ = {isa = PBXBuildFile; fileRef = BB919FD208812D780F92ACFD /* CopyDeepLinkActivity.swift */; };
		7A98FC454298479380731BD8 /* Cheat.swift in Sources */ = {isa = PBXBuildFile; fileRef = 77F6B55F218677CE5C1EFA18 /* Cheat.swift */; };
		7C641917CF32F9A6EF1BF8EE /* PauseStoryboardSegue.swift in Sources */ = {isa = PBXBuildFile; fileRef = 707D6B12D4F985D5E312FB68 /* PauseStoryboardSegue.swift */; };
		8023B26342C431CAE22488DF /* _Cheat.swift in Sources */ = {isa = PBXBuildFile; fileRef = E98C249C397AEE8141B6F40A /* _Cheat.swift */; };
		830C81F0593BABFF0CD3157D /* DeltaCoreProtocol+Delta.swift in Sources */ = {isa = PBXBuildFile; fileRef = 66F0A09E1AF51C0792B4E1C9 /* DeltaCoreProtocol+Delta.swift */; };
		8326382F7C7B87C5861E60BC /* DeltaCore.framework in Frameworks */ = {isa = PBXBuildFile; fileRef = E8B017F439201432B8C20011 /* DeltaCore.framework */; };
		848A5A78DDBB203468F48601 /* GridCollectionViewCell.swift in Sources */ = {isa = PBXBuildFile; fileRef = 245A45A38FE14C16A5EFEACC /* GridCollectionViewCell.swift */; };
		87A6CDE94D92D0EC0EF943B9 /* _SaveState.swift in Sources */ = {isa = PBXBuildFile; fileRef = 1FE13E66AA07EF9C297EE860 /* _SaveState.swift */; };
		8A51E990855447628ADD3973 /* libPods-Delta.a in Frameworks */ = {isa = PBXBuildFile; fileRef = 3753B738EEE5FFBF653823D2 /* libPods-Delta.a */; };
		8D668BE52B5B53AF8CFD2963 /* iTunesImportOption.swift in Sources */ = {isa = PBXBuildFile; fileRef = B936BE7E3EDCB143939286A3 /* iTunesImportOption.swift */; };
		8EFE80C56DFC9E2AB8144B42 /* Settings.storyboard in Resources */ = {isa = PBXBuildFile; fileRef = C8D4513A8C428CFC374B8B78 /* Settings.storyboard */; };
		9324F85547C8616FD370B40F /* NSManagedObject+Conveniences.swift in Sources */ = {isa = PBXBuildFile; fileRef = DE1730031BCA40C391AAD95D /* NSManagedObject+Conveniences.swift */; };
		93D57CCF795B00A0AE2D2BF8 /* CoreMotion.framework in Frameworks */ = {isa = PBXBuildFile; fileRef = C97CB7C39BBD554F8ED0FCE7 /* CoreMotion.framework */; };
		940BA034F5ED807453EF2D2D /* ImportController.swift in Sources */ = {isa = PBXBuildFile; fileRef = 846A1B8DAEE8113FCFBD07F6 /* ImportController.swift */; };
		9550749348D34EA9411588AA /* UIViewControllerContextTransitioning+Conveniences.swift in Sources */ = {isa = PBXBuildFile; fileRef = EAF96895C29E180E1699B9FE /* UIViewControllerContextTransitioning+Conveniences.swift */; };
		977B9474A793C10A1A5A8126 /* GoogleService-Info.plist in Resources */ = {isa = PBXBuildFile; fileRef = 121B41B28A0AD39FC1B098DB /* GoogleService-Info.plist */; };
		98664F6E30B8EF10AFB0A968 /* _GameCollection.swift in Sources */ = {isa = PBXBuildFile; fileRef = 2AF6AE1A6C3537DF276B2918 /* _GameCollection.swift */; };
		9C0200B7FC7325A2B8F0A216 /* Delta4ToDelta5.xcmappingmodel in Sources */ = {isa = PBXBuildFile; fileRef = 771D41997C9E1F3023423041 /* Delta4ToDelta5.xcmappingmodel */; };
		9FAC65C877AAA68E3DE3299D /* SyncingServicesViewController.swift in Sources */ = {isa = PBXBuildFile; fileRef = D3BDF3AAE671D4CEEABD1A3C /* SyncingServicesViewController.swift */; };
		A04A27C7163182625A858829 /* ImportOption.swift in Sources */ = {isa = PBXBuildFile; fileRef = 80FCBEACCF4C652CEAFA8324 /* ImportOption.swift */; };
		A07D22173B8456E9981E46AD /* GameSyncStatusViewController.swift in Sources */ = {isa = PBXBuildFile; fileRef = 4252DA11656E30295EDA5899 /* GameSyncStatusViewController.swift */; };
		A1AFE2A66E808EF90BA967DC /* CheatValidator.swift in Sources */ = {isa = PBXBuildFile; fileRef = 76D80E68F168240B9157F748 /* CheatValidator.swift */; };
		A295E418B5EC01C637BF8D98 /* _ControllerSkin.swift in Sources */ = {isa = PBXBuildFile; fileRef = AA2861E6BF4487994A03A770 /* _ControllerSkin.swift */; };
		A498C333B21E6FBD30DC76C9 /* CheatTextView.swift in Sources */ = {isa = PBXBuildFile; fileRef = B07B77633E4DD40996DC2775 /* CheatTextView.swift */; };
		A547F75FF182327EF876A441 /* Main.storyboard in Resources */ = {isa = PBXBuildFile; fileRef = F95113DC67A66AA32F5E2AFD /* Main.storyboard */; };
		A5CB6A793931BE71931FFA7D /* InputCalloutView.swift in Sources */ = {isa = PBXBuildFile; fileRef = 387774F2F87A7CBCA71BC75E /* InputCalloutView.swift */; };
		A79DD9B86157A300F93F91D5 /* ControllersSettingsViewController.swift in Sources */ = {isa = PBXBuildFile; fileRef = 163F18BABA7462B2E7EA027A /* ControllersSettingsViewController.swift */; };
		A913392761F9FD868AD9B91F /* _Game.swift in Sources */ = {isa = PBXBuildFile; fileRef = 67F7D72E34A244F6DA901681 /* _Game.swift */; };
		AE77FD38BFCE681D429030A5 /* Assets+Delta.swift in Sources */ = {isa = PBXBuildFile; fileRef = A3C91719EE4D20B0593B49D6 /* Assets+Delta.swift */; };
		B3C149544C5CBDD003506D9D /* UIImage+SymbolFallback.swift in Sources */ = {isa = PBXBuildFile; fileRef = 48FE263459BBC2E1D6D3FFB5 /* UIImage+SymbolFallback.swift */; };
		B5AB1CBE0B06F08ED3FAAF3E /* MelonDSCoreSettingsViewController.swift in Sources */ = {isa = PBXBuildFile; fileRef = 5D0661CF196D65A14DC7B91A /* MelonDSCoreSettingsViewController.swift */; };
		BAC59335B87D695E15693B87 /* ControllerSkin+Configuring.swift in Sources */ = {isa = PBXBuildFile; fileRef = 87572A005BD82979437BCEF0 /* ControllerSkin+Configuring.swift */; };
		BE64A2247524143FC03C3C2E /* _GameSave.swift in Sources */ = {isa = PBXBuildFile; fileRef = DEF3815BC51E2718368CA3A8 /* _GameSave.swift */; };
		BF825C7327C4A64B29316E99 /* CheatTableViewCell.swift in Sources */ = {isa = PBXBuildFile; fileRef = 4B33B07E0A69804CEC6737DC /* CheatTableViewCell.swift */; };
		C2B8D4581C603A73EBE39B32 /* CheatsViewController.swift in Sources */ = {isa = PBXBuildFile; fileRef = B24F36C983417D55FF43DB16 /* CheatsViewController.swift */; };
		C5B887E23CE1104BEFA17483 /* UIColor+Delta.swift in Sources */ = {isa = PBXBuildFile; fileRef = CC2BBF29E4A706E837471DEE /* UIColor+Delta.swift */; };
		C5E99B4A1C7C4607C3ED8C3B /* SaveStatesViewController.swift in Sources */ = {isa = PBXBuildFile; fileRef = F75A7207A57FFA95DEFC0FBA /* SaveStatesViewController.swift */; };
		C75625AE6A9E2B6C9264AEE0 /* SyncResultViewController.swift in Sources */ = {isa = PBXBuildFile; fileRef = 865BA947CFB15D6D3654B990 /* SyncResultViewController.swift */; };
		C9EB226D790286A68A6C504B /* Theme.swift in Sources */ = {isa = PBXBuildFile; fileRef = 2D73F9C20F11778B555F6E6E /* Theme.swift */; };
		CA555FF9873BD3B332271FF1 /* ControllerSkinsViewController.swift in Sources */ = {isa = PBXBuildFile; fileRef = 334850EDC01A6184B39F569A /* ControllerSkinsViewController.swift */; };
		CB7963043D2D1C88A8069C64 /* GameCollection.swift in Sources */ = {isa = PBXBuildFile; fileRef = 37AF8DF4F0B4B0502CA6F826 /* GameCollection.swift */; };
		CD50B183220436C280459C5B /* Box.swift in Sources */ = {isa = PBXBuildFile; fileRef = 4C584DD133EC1A53452742EB /* Box.swift */; };
		CDB00904C5714634E660D7AA /* ControllerSkin.swift in Sources */ = {isa = PBXBuildFile; fileRef = 58FC6C5AB246325A686B546E /* ControllerSkin.swift */; };
		CFC7977646D9B98433A5C348 /* GameControllerInputMapping.swift in Sources */ = {isa = PBXBuildFile; fileRef = C5DA074100E0D6659D3240F0 /* GameControllerInputMapping.swift */; };
		D484B06F5C3B62045228CF58 /* Action.swift in Sources */ = {isa = PBXBuildFile; fileRef = 7C272CC45E6AD6F911361E01 /* Action.swift */; };
		D5EF6E0B917103C1B90B9EB7 /* MelonDSDeltaCore.framework in Embed Frameworks */ = {isa = PBXBuildFile; fileRef = F3DC2C823C3A7E639A60EFB4 /* MelonDSDeltaCore.framework */; settings = {ATTRIBUTES = (CodeSignOnCopy, RemoveHeadersOnCopy, ); }; };
		DA74D9C2E3ECE63D22EF09A2 /* PhotoLibraryImportOption.swift in Sources */ = {isa = PBXBuildFile; fileRef = 461697925696CBBAA2EF330B /* PhotoLibraryImportOption.swift */; };
		DAD303A6019E9E04851B8A29 /* UIAlertController+Importing.swift in Sources */ = {isa = PBXBuildFile; fileRef = AD0A1CFC8505F34DF6D6CF09 /* UIAlertController+Importing.swift */; };
		DB6654C4F916A40402F0A1C1 /* InitialGamesStoryboardSegue.swift in Sources */ = {isa = PBXBuildFile; fileRef = FD2C403B2C5E77FBE3794C93 /* InitialGamesStoryboardSegue.swift */; };
		DC0D6ABD2151FDC808BF2826 /* Assets.xcassets in Resources */ = {isa = PBXBuildFile; fileRef = 6DE5684774475A908BEFAE02 /* Assets.xcassets */; };
		E03B0833E00D1B7FCCEF6C40 /* PopoverMenuViewController.swift in Sources */ = {isa = PBXBuildFile; fileRef = 169288B9F4A5B12BAF1159D1 /* PopoverMenuViewController.swift */; };
		E244DC5CEF91FABAD698CA20 /* EmulatorCore+Cheats.swift in Sources */ = {isa = PBXBuildFile; fileRef = F1CFF1F17D6B60BC44E8064C /* EmulatorCore+Cheats.swift */; };
		E295F9D3248CF50F3BBD1DFF /* SettingsViewController.swift in Sources */ = {isa = PBXBuildFile; fileRef = FCD2CDE97DC577696FC01162 /* SettingsViewController.swift */; };
		E5EBACCBF06FF2571DF39159 /* URL+ExtendedAttributes.swift in Sources */ = {isa = PBXBuildFile; fileRef = D8D2614BFE03435C2EB87DCC /* URL+ExtendedAttributes.swift */; };
		E756DCB154B0543BEB29C2AA /* SaveState.swift in Sources */ = {isa = PBXBuildFile; fileRef = CFD29C297059C67BB94046F3 /* SaveState.swift */; };
		E980E58911755265BF51A8FF /* BadgedTableViewCell.swift in Sources */ = {isa = PBXBuildFile; fileRef = DADFC73CCAFC8AF4C52F03F3 /* BadgedTableViewCell.swift */; };
		EBA8EED6791360DB90D4FD1E /* PausePresentationControllerContentView.xib in Resources */ = {isa = PBXBuildFile; fileRef = CCFF92D5F560EE0F33BAF714 /* PausePresentationControllerContentView.xib */; };
		EBD859BF73025766C87918A0 /* GamesViewController.swift in Sources */ = {isa = PBXBuildFile; fileRef = 1BF3A0BD89EB5896921D24F6 /* GamesViewController.swift */; };
		EE5FE790759B7AAD909BE070 /* Bundle+Delta.swift in Sources */ = {isa = PBXBuildFile; fileRef = A569BCC6CAA31ED2BB896720 /* Bundle+Delta.swift */; };
		F05B0BF627854C0B2801A308 /* SyncStatusViewController.swift in Sources */ = {isa = PBXBuildFile; fileRef = E31F08532BB1A7D3CA29FD27 /* SyncStatusViewController.swift */; };
		F38FB60F85DB1BF91BB1B9C8 /* ControllerSkinTableViewCell.swift in Sources */ = {isa = PBXBuildFile; fileRef = 620E56321945B9091E5B24B2 /* ControllerSkinTableViewCell.swift */; };
		F3990018929D2CF0F39A23A1 /* PopoverMenuButton.swift in Sources */ = {isa = PBXBuildFile; fileRef = A4756C02FB65CAFD338C479B /* PopoverMenuButton.swift */; };
		F5C11D24C72DE5D410470558 /* UIView+ParentViewController.swift in Sources */ = {isa = PBXBuildFile; fileRef = B63931900F6D37138D38DD78 /* UIView+ParentViewController.swift */; };
		FCDD0923BB6A8C66301733B9 /* GameSave.swift in Sources */ = {isa = PBXBuildFile; fileRef = B153036F7C5FC7E522589101 /* GameSave.swift */; };
/* End PBXBuildFile section */

/* Begin PBXCopyFilesBuildPhase section */
		124AA8CCFAE584349304FFC2 /* Embed Frameworks */ = {
			isa = PBXCopyFilesBuildPhase;
			buildActionMask = 2147483647;
			dstPath = "";
			dstSubfolderSpec = 10;
			files = (
				367E4E2C43FFE2D6D119684A /* DeSmuMEDeltaCore.framework in Embed Frameworks */,
				54DD45E89041C5E5C3FDF472 /* DeltaCore.framework in Embed Frameworks */,
				D5EF6E0B917103C1B90B9EB7 /* MelonDSDeltaCore.framework in Embed Frameworks */,
				5A893899E7BC4870A6A2D4AB /* Mupen64PlusDeltaCore.framework in Embed Frameworks */,
			);
			name = "Embed Frameworks";
			runOnlyForDeploymentPostprocessing = 0;
		};
/* End PBXCopyFilesBuildPhase section */

/* Begin PBXFileReference section */
		010E8900B5D37C3EC40FA2B2 /* Base */ = {isa = PBXFileReference; lastKnownFileType = file.xib; name = Base; path = Base.lproj/PausePresentationControllerContentView.xib; sourceTree = "<group>"; };
		07738CB34B08B64B6AEEC3C3 /* Game.swift */ = {isa = PBXFileReference; lastKnownFileType = sourcecode.swift; path = Game.swift; sourceTree = "<group>"; };
		08A43751AC65E482AE7FA4C2 /* SaveStatesStoryboardSegue.swift */ = {isa = PBXFileReference; lastKnownFileType = sourcecode.swift; path = SaveStatesStoryboardSegue.swift; sourceTree = "<group>"; };
		0AF1C4EDDBFE7BE3CC97BEF4 /* Base */ = {isa = PBXFileReference; lastKnownFileType = file.storyboard; name = Base; path = Base.lproj/GamesDatabase.storyboard; sourceTree = "<group>"; };
		0EEA8379C54ACBA34F228108 /* GamesDatabaseBrowserViewController.swift */ = {isa = PBXFileReference; lastKnownFileType = sourcecode.swift; path = GamesDatabaseBrowserViewController.swift; sourceTree = "<group>"; };
		11B856FA2FE876F0A6E6DEAB /* SaveStatesCollectionHeaderView.swift */ = {isa = PBXFileReference; lastKnownFileType = sourcecode.swift; path = SaveStatesCollectionHeaderView.swift; sourceTree = "<group>"; };
		121B41B28A0AD39FC1B098DB /* GoogleService-Info.plist */ = {isa = PBXFileReference; lastKnownFileType = text.plist; path = "GoogleService-Info.plist"; sourceTree = "<group>"; };
		1278E32188328BC3B71977B7 /* Delta3ToDelta4.xcmappingmodel */ = {isa = PBXFileReference; lastKnownFileType = wrapper.xcmappingmodel; path = Delta3ToDelta4.xcmappingmodel; sourceTree = "<group>"; };
		12B6861E91A16FEF8D217BA9 /* RecordVersionsViewController.swift */ = {isa = PBXFileReference; lastKnownFileType = sourcecode.swift; path = RecordVersionsViewController.swift; sourceTree = "<group>"; };
		1334638FA24FD73ED3EC5EAD /* Base */ = {isa = PBXFileReference; lastKnownFileType = file.storyboard; name = Base; path = Base.lproj/SyncResultsViewController.storyboard; sourceTree = "<group>"; };
		163F18BABA7462B2E7EA027A /* ControllersSettingsViewController.swift */ = {isa = PBXFileReference; lastKnownFileType = sourcecode.swift; path = ControllersSettingsViewController.swift; sourceTree = "<group>"; };
		169288B9F4A5B12BAF1159D1 /* PopoverMenuViewController.swift */ = {isa = PBXFileReference; lastKnownFileType = sourcecode.swift; path = PopoverMenuViewController.swift; sourceTree = "<group>"; };
		1BF3A0BD89EB5896921D24F6 /* GamesViewController.swift */ = {isa = PBXFileReference; lastKnownFileType = sourcecode.swift; path = GamesViewController.swift; sourceTree = "<group>"; };
		1FE13E66AA07EF9C297EE860 /* _SaveState.swift */ = {isa = PBXFileReference; lastKnownFileType = sourcecode.swift; path = _SaveState.swift; sourceTree = "<group>"; };
		22CDFD37F29E5D0AC1197F35 /* openvgdb.sqlite */ = {isa = PBXFileReference; lastKnownFileType = file; path = openvgdb.sqlite; sourceTree = "<group>"; };
		23150083DBAC8879D837FCC4 /* DS.png */ = {isa = PBXFileReference; lastKnownFileType = image.png; path = DS.png; sourceTree = "<group>"; };
		245A45A38FE14C16A5EFEACC /* GridCollectionViewCell.swift */ = {isa = PBXFileReference; lastKnownFileType = sourcecode.swift; path = GridCollectionViewCell.swift; sourceTree = "<group>"; };
		2841B7EAC9EE82BBEE8A23BD /* GridCollectionViewLayout.swift */ = {isa = PBXFileReference; lastKnownFileType = sourcecode.swift; path = GridCollectionViewLayout.swift; sourceTree = "<group>"; };
		2AF6AE1A6C3537DF276B2918 /* _GameCollection.swift */ = {isa = PBXFileReference; lastKnownFileType = sourcecode.swift; path = _GameCollection.swift; sourceTree = "<group>"; };
		2C499D8623F47F9A080B76C4 /* LaunchViewController.swift */ = {isa = PBXFileReference; lastKnownFileType = sourcecode.swift; path = LaunchViewController.swift; sourceTree = "<group>"; };
		2CCF97BEE03ED360B12C7601 /* Bundle+SwizzleBundleID.swift */ = {isa = PBXFileReference; lastKnownFileType = sourcecode.swift; path = "Bundle+SwizzleBundleID.swift"; sourceTree = "<group>"; };
		2D73F9C20F11778B555F6E6E /* Theme.swift */ = {isa = PBXFileReference; lastKnownFileType = sourcecode.swift; path = Theme.swift; sourceTree = "<group>"; };
		2DCF29104C64DECA9E8C4972 /* AppIconShortcutsViewController.swift */ = {isa = PBXFileReference; lastKnownFileType = sourcecode.swift; path = AppIconShortcutsViewController.swift; sourceTree = "<group>"; };
		334850EDC01A6184B39F569A /* ControllerSkinsViewController.swift */ = {isa = PBXFileReference; lastKnownFileType = sourcecode.swift; path = ControllerSkinsViewController.swift; sourceTree = "<group>"; };
		341CD8E2863951EF46EE87CB /* GameCollectionViewController.swift */ = {isa = PBXFileReference; lastKnownFileType = sourcecode.swift; path = GameCollectionViewController.swift; sourceTree = "<group>"; };
		341F853802A2A7666275451D /* Input+Display.swift */ = {isa = PBXFileReference; lastKnownFileType = sourcecode.swift; path = "Input+Display.swift"; sourceTree = "<group>"; };
		3753B738EEE5FFBF653823D2 /* libPods-Delta.a */ = {isa = PBXFileReference; explicitFileType = archive.ar; includeInIndex = 0; path = "libPods-Delta.a"; sourceTree = BUILT_PRODUCTS_DIR; };
		37AF8DF4F0B4B0502CA6F826 /* GameCollection.swift */ = {isa = PBXFileReference; lastKnownFileType = sourcecode.swift; path = GameCollection.swift; sourceTree = "<group>"; };
		387774F2F87A7CBCA71BC75E /* InputCalloutView.swift */ = {isa = PBXFileReference; lastKnownFileType = sourcecode.swift; path = InputCalloutView.swift; sourceTree = "<group>"; };
		3B41522E7C4473A6445E21F5 /* NSFetchedResultsController+Conveniences.h */ = {isa = PBXFileReference; lastKnownFileType = sourcecode.c.h; path = "NSFetchedResultsController+Conveniences.h"; sourceTree = "<group>"; };
		40E8F26BDF6E2BCABD14F8F9 /* HarmonyMetadataKey+Keys.swift */ = {isa = PBXFileReference; lastKnownFileType = sourcecode.swift; path = "HarmonyMetadataKey+Keys.swift"; sourceTree = "<group>"; };
		4252DA11656E30295EDA5899 /* GameSyncStatusViewController.swift */ = {isa = PBXFileReference; lastKnownFileType = sourcecode.swift; path = GameSyncStatusViewController.swift; sourceTree = "<group>"; };
		4577BAD89F7029AD1C96620A /* EditCheatViewController.swift */ = {isa = PBXFileReference; lastKnownFileType = sourcecode.swift; path = EditCheatViewController.swift; sourceTree = "<group>"; };
		461697925696CBBAA2EF330B /* PhotoLibraryImportOption.swift */ = {isa = PBXFileReference; lastKnownFileType = sourcecode.swift; path = PhotoLibraryImportOption.swift; sourceTree = "<group>"; };
		48FE263459BBC2E1D6D3FFB5 /* UIImage+SymbolFallback.swift */ = {isa = PBXFileReference; lastKnownFileType = sourcecode.swift; path = "UIImage+SymbolFallback.swift"; sourceTree = "<group>"; };
		4B33B07E0A69804CEC6737DC /* CheatTableViewCell.swift */ = {isa = PBXFileReference; lastKnownFileType = sourcecode.swift; path = CheatTableViewCell.swift; sourceTree = "<group>"; };
		4C584DD133EC1A53452742EB /* Box.swift */ = {isa = PBXFileReference; lastKnownFileType = sourcecode.swift; path = Box.swift; sourceTree = "<group>"; };
		4FD25E457AED11EA673EC6B1 /* UILabel+FontSize.swift */ = {isa = PBXFileReference; lastKnownFileType = sourcecode.swift; path = "UILabel+FontSize.swift"; sourceTree = "<group>"; };
		513440CFB57903D7086539A1 /* ActionInput.swift */ = {isa = PBXFileReference; lastKnownFileType = sourcecode.swift; path = ActionInput.swift; sourceTree = "<group>"; };
		533DFCD8370B1480896772C1 /* DatabaseManager.swift */ = {isa = PBXFileReference; lastKnownFileType = sourcecode.swift; path = DatabaseManager.swift; sourceTree = "<group>"; };
		550A4E69370FF857729DB796 /* LoadControllerSkinImageOperation.swift */ = {isa = PBXFileReference; lastKnownFileType = sourcecode.swift; path = LoadControllerSkinImageOperation.swift; sourceTree = "<group>"; };
		58FC6C5AB246325A686B546E /* ControllerSkin.swift */ = {isa = PBXFileReference; lastKnownFileType = sourcecode.swift; path = ControllerSkin.swift; sourceTree = "<group>"; };
		5D0661CF196D65A14DC7B91A /* MelonDSCoreSettingsViewController.swift */ = {isa = PBXFileReference; lastKnownFileType = sourcecode.swift; path = MelonDSCoreSettingsViewController.swift; sourceTree = "<group>"; };
		5DCAFACEA98AE8C4CD01855F /* PreferredControllerSkinsViewController.swift */ = {isa = PBXFileReference; lastKnownFileType = sourcecode.swift; path = PreferredControllerSkinsViewController.swift; sourceTree = "<group>"; };
		5EE8861AC25910AD1A0E5445 /* RecordSyncStatusViewController.swift */ = {isa = PBXFileReference; lastKnownFileType = sourcecode.swift; path = RecordSyncStatusViewController.swift; sourceTree = "<group>"; };
		5FAA3780D53BB74067BC2E18 /* PreviewGameViewController.swift */ = {isa = PBXFileReference; lastKnownFileType = sourcecode.swift; path = PreviewGameViewController.swift; sourceTree = "<group>"; };
		5FE56BFC65E1E4BA1668103F /* GamesStoryboardSegue.swift */ = {isa = PBXFileReference; lastKnownFileType = sourcecode.swift; path = GamesStoryboardSegue.swift; sourceTree = "<group>"; };
		620E56321945B9091E5B24B2 /* ControllerSkinTableViewCell.swift */ = {isa = PBXFileReference; lastKnownFileType = sourcecode.swift; path = ControllerSkinTableViewCell.swift; sourceTree = "<group>"; };
		66F0A09E1AF51C0792B4E1C9 /* DeltaCoreProtocol+Delta.swift */ = {isa = PBXFileReference; lastKnownFileType = sourcecode.swift; path = "DeltaCoreProtocol+Delta.swift"; sourceTree = "<group>"; };
		67F7D72E34A244F6DA901681 /* _Game.swift */ = {isa = PBXFileReference; lastKnownFileType = sourcecode.swift; path = _Game.swift; sourceTree = "<group>"; };
		69444AA8981965D24DD731B6 /* GameControllerInputMappingMigrationPolicy.swift */ = {isa = PBXFileReference; lastKnownFileType = sourcecode.swift; path = GameControllerInputMappingMigrationPolicy.swift; sourceTree = "<group>"; };
		6A8E17996A6C14F9A4D9D961 /* SyncManager.swift */ = {isa = PBXFileReference; lastKnownFileType = sourcecode.swift; path = SyncManager.swift; sourceTree = "<group>"; };
		6BCBFFECD1608C6C1966D11F /* DeSmuMEDeltaCore.framework */ = {isa = PBXFileReference; explicitFileType = wrapper.framework; includeInIndex = 0; path = DeSmuMEDeltaCore.framework; sourceTree = BUILT_PRODUCTS_DIR; };
		6DE5684774475A908BEFAE02 /* Assets.xcassets */ = {isa = PBXFileReference; lastKnownFileType = folder.assetcatalog; path = Assets.xcassets; sourceTree = "<group>"; };
		707D6B12D4F985D5E312FB68 /* PauseStoryboardSegue.swift */ = {isa = PBXFileReference; lastKnownFileType = sourcecode.swift; path = PauseStoryboardSegue.swift; sourceTree = "<group>"; };
		71537CF04F6BF06E82EDB160 /* UIAlertController+Error.swift */ = {isa = PBXFileReference; lastKnownFileType = sourcecode.swift; path = "UIAlertController+Error.swift"; sourceTree = "<group>"; };
		76D80E68F168240B9157F748 /* CheatValidator.swift */ = {isa = PBXFileReference; lastKnownFileType = sourcecode.swift; path = CheatValidator.swift; sourceTree = "<group>"; };
		771D41997C9E1F3023423041 /* Delta4ToDelta5.xcmappingmodel */ = {isa = PBXFileReference; lastKnownFileType = wrapper.xcmappingmodel; path = Delta4ToDelta5.xcmappingmodel; sourceTree = "<group>"; };
		77F6B55F218677CE5C1EFA18 /* Cheat.swift */ = {isa = PBXFileReference; lastKnownFileType = sourcecode.swift; path = Cheat.swift; sourceTree = "<group>"; };
		7B69C26EE223EFC5E421763F /* GameControllerInputMappingTransformer.swift */ = {isa = PBXFileReference; lastKnownFileType = sourcecode.swift; path = GameControllerInputMappingTransformer.swift; sourceTree = "<group>"; };
		7C272CC45E6AD6F911361E01 /* Action.swift */ = {isa = PBXFileReference; lastKnownFileType = sourcecode.swift; path = Action.swift; sourceTree = "<group>"; };
		7F3DF17A09C6A2FEDFDEA08A /* MenuItem.swift */ = {isa = PBXFileReference; lastKnownFileType = sourcecode.swift; path = MenuItem.swift; sourceTree = "<group>"; };
		80FCBEACCF4C652CEAFA8324 /* ImportOption.swift */ = {isa = PBXFileReference; lastKnownFileType = sourcecode.swift; path = ImportOption.swift; sourceTree = "<group>"; };
		82951EC516AD98256CA95956 /* Delta5ToDelta6.xcmappingmodel */ = {isa = PBXFileReference; lastKnownFileType = wrapper.xcmappingmodel; path = Delta5ToDelta6.xcmappingmodel; sourceTree = "<group>"; };
		836C17E0B2FE4D07B807DFAA /* GameMetadata.swift */ = {isa = PBXFileReference; lastKnownFileType = sourcecode.swift; path = GameMetadata.swift; sourceTree = "<group>"; };
		846A1B8DAEE8113FCFBD07F6 /* ImportController.swift */ = {isa = PBXFileReference; lastKnownFileType = sourcecode.swift; path = ImportController.swift; sourceTree = "<group>"; };
		865BA947CFB15D6D3654B990 /* SyncResultViewController.swift */ = {isa = PBXFileReference; lastKnownFileType = sourcecode.swift; path = SyncResultViewController.swift; sourceTree = "<group>"; };
		87572A005BD82979437BCEF0 /* ControllerSkin+Configuring.swift */ = {isa = PBXFileReference; lastKnownFileType = sourcecode.swift; path = "ControllerSkin+Configuring.swift"; sourceTree = "<group>"; };
		8946A125B434AFCEA52D243D /* PauseViewController.swift */ = {isa = PBXFileReference; lastKnownFileType = sourcecode.swift; path = PauseViewController.swift; sourceTree = "<group>"; };
		89A692EB7F28FB52C87EF971 /* ControllerSkinConfigurations.h */ = {isa = PBXFileReference; lastKnownFileType = sourcecode.c.h; path = ControllerSkinConfigurations.h; sourceTree = "<group>"; };
		8EB750401B7F78BE2B814CCA /* GoogleServiceInfo.swift */ = {isa = PBXFileReference; lastKnownFileType = sourcecode.swift; path = GoogleServiceInfo.swift; sourceTree = "<group>"; };
		96704D8CC10354B9C71AE4A0 /* _GameControllerInputMapping.swift */ = {isa = PBXFileReference; lastKnownFileType = sourcecode.swift; path = _GameControllerInputMapping.swift; sourceTree = "<group>"; };
		97D8258E10CB5DF411A01571 /* UIDevice+Processor.swift */ = {isa = PBXFileReference; lastKnownFileType = sourcecode.swift; path = "UIDevice+Processor.swift"; sourceTree = "<group>"; };
		A2A6D38A006A1D729FCE10AF /* Pods-Delta.debug.xcconfig */ = {isa = PBXFileReference; includeInIndex = 1; lastKnownFileType = text.xcconfig; name = "Pods-Delta.debug.xcconfig"; path = "Target Support Files/Pods-Delta/Pods-Delta.debug.xcconfig"; sourceTree = "<group>"; };
		A3C91719EE4D20B0593B49D6 /* Assets+Delta.swift */ = {isa = PBXFileReference; lastKnownFileType = sourcecode.swift; path = "Assets+Delta.swift"; sourceTree = "<group>"; };
		A4756C02FB65CAFD338C479B /* PopoverMenuButton.swift */ = {isa = PBXFileReference; lastKnownFileType = sourcecode.swift; path = PopoverMenuButton.swift; sourceTree = "<group>"; };
		A5684F979A519141101502A0 /* GameTableViewCell.swift */ = {isa = PBXFileReference; lastKnownFileType = sourcecode.swift; path = GameTableViewCell.swift; sourceTree = "<group>"; };
		A569BCC6CAA31ED2BB896720 /* Bundle+Delta.swift */ = {isa = PBXFileReference; lastKnownFileType = sourcecode.swift; path = "Bundle+Delta.swift"; sourceTree = "<group>"; };
		A622359A3A7E97DC8ECA8B4C /* GameViewController.swift */ = {isa = PBXFileReference; lastKnownFileType = sourcecode.swift; path = GameViewController.swift; sourceTree = "<group>"; };
		A6287D1498934ABE0FECEF96 /* DeepLinkController.swift */ = {isa = PBXFileReference; lastKnownFileType = sourcecode.swift; path = DeepLinkController.swift; sourceTree = "<group>"; };
		A779B338A6671046AD382893 /* PausePresentationController.swift */ = {isa = PBXFileReference; lastKnownFileType = sourcecode.swift; path = PausePresentationController.swift; sourceTree = "<group>"; };
		A7F0D2434F6DA53D7CD9BB73 /* ClipboardImportOption.swift */ = {isa = PBXFileReference; lastKnownFileType = sourcecode.swift; path = ClipboardImportOption.swift; sourceTree = "<group>"; };
		AA2861E6BF4487994A03A770 /* _ControllerSkin.swift */ = {isa = PBXFileReference; lastKnownFileType = sourcecode.swift; path = _ControllerSkin.swift; sourceTree = "<group>"; };
		AD0A1CFC8505F34DF6D6CF09 /* UIAlertController+Importing.swift */ = {isa = PBXFileReference; lastKnownFileType = sourcecode.swift; path = "UIAlertController+Importing.swift"; sourceTree = "<group>"; };
		AD0DF6A9A5C076966A17F971 /* DeltaToDelta2.xcmappingmodel */ = {isa = PBXFileReference; lastKnownFileType = wrapper.xcmappingmodel; path = DeltaToDelta2.xcmappingmodel; sourceTree = "<group>"; };
		B044256CFBD3AC9B23B92B23 /* System.swift */ = {isa = PBXFileReference; lastKnownFileType = sourcecode.swift; path = System.swift; sourceTree = "<group>"; };
		B07B77633E4DD40996DC2775 /* CheatTextView.swift */ = {isa = PBXFileReference; lastKnownFileType = sourcecode.swift; path = CheatTextView.swift; sourceTree = "<group>"; };
		B09DB5F3412342ACD7C72997 /* PauseTransitionCoordinator.swift */ = {isa = PBXFileReference; lastKnownFileType = sourcecode.swift; path = PauseTransitionCoordinator.swift; sourceTree = "<group>"; };
		B153036F7C5FC7E522589101 /* GameSave.swift */ = {isa = PBXFileReference; lastKnownFileType = sourcecode.swift; path = GameSave.swift; sourceTree = "<group>"; };
		B24F36C983417D55FF43DB16 /* CheatsViewController.swift */ = {isa = PBXFileReference; lastKnownFileType = sourcecode.swift; path = CheatsViewController.swift; sourceTree = "<group>"; };
		B49B947789BA990566E329C5 /* AppDelegate.swift */ = {isa = PBXFileReference; lastKnownFileType = sourcecode.swift; path = AppDelegate.swift; sourceTree = "<group>"; };
		B63931900F6D37138D38DD78 /* UIView+ParentViewController.swift */ = {isa = PBXFileReference; lastKnownFileType = sourcecode.swift; path = "UIView+ParentViewController.swift"; sourceTree = "<group>"; };
		B6A44235534B5B5A4690AD90 /* Base */ = {isa = PBXFileReference; lastKnownFileType = file.storyboard; name = Base; path = Base.lproj/Main.storyboard; sourceTree = "<group>"; };
		B87F38B70E5A28DD18C74E8F /* Base */ = {isa = PBXFileReference; lastKnownFileType = file.storyboard; name = Base; path = Base.lproj/PauseMenu.storyboard; sourceTree = "<group>"; };
		B8EFEC67E6B47223A6091C5A /* GridMenuViewController.swift */ = {isa = PBXFileReference; lastKnownFileType = sourcecode.swift; path = GridMenuViewController.swift; sourceTree = "<group>"; };
		B936BE7E3EDCB143939286A3 /* iTunesImportOption.swift */ = {isa = PBXFileReference; lastKnownFileType = sourcecode.swift; path = iTunesImportOption.swift; sourceTree = "<group>"; };
		BB919FD208812D780F92ACFD /* CopyDeepLinkActivity.swift */ = {isa = PBXFileReference; lastKnownFileType = sourcecode.swift; path = CopyDeepLinkActivity.swift; sourceTree = "<group>"; };
		BF4DF416634ADEB234116724 /* DeepLink.swift */ = {isa = PBXFileReference; lastKnownFileType = sourcecode.swift; path = DeepLink.swift; sourceTree = "<group>"; };
		BFB10526118840C065005229 /* Base */ = {isa = PBXFileReference; lastKnownFileType = file.storyboard; name = Base; path = Base.lproj/LaunchScreen.storyboard; sourceTree = "<group>"; };
		C5DA074100E0D6659D3240F0 /* GameControllerInputMapping.swift */ = {isa = PBXFileReference; lastKnownFileType = sourcecode.swift; path = GameControllerInputMapping.swift; sourceTree = "<group>"; };
		C5FFF8EDA265B5A39B605F12 /* libz.tbd */ = {isa = PBXFileReference; lastKnownFileType = "sourcecode.text-based-dylib-definition"; name = libz.tbd; path = Platforms/iPhoneOS.platform/Developer/SDKs/iPhoneOS.sdk/usr/lib/libz.tbd; sourceTree = DEVELOPER_DIR; };
		C623CA78E48FE797B6FD08B9 /* Mupen64PlusDeltaCore.framework */ = {isa = PBXFileReference; explicitFileType = wrapper.framework; includeInIndex = 0; path = Mupen64PlusDeltaCore.framework; sourceTree = BUILT_PRODUCTS_DIR; };
		C68901F8267E90589417CA7E /* Delta.app */ = {isa = PBXFileReference; explicitFileType = wrapper.application; includeInIndex = 0; path = Delta.app; sourceTree = BUILT_PRODUCTS_DIR; };
		C7E3BA98B1F1A619BC6F31C4 /* LoadImageURLOperation.swift */ = {isa = PBXFileReference; lastKnownFileType = sourcecode.swift; path = LoadImageURLOperation.swift; sourceTree = "<group>"; };
		C97CB7C39BBD554F8ED0FCE7 /* CoreMotion.framework */ = {isa = PBXFileReference; lastKnownFileType = wrapper.framework; name = CoreMotion.framework; path = Platforms/iPhoneOS.platform/Developer/SDKs/iPhoneOS.sdk/System/Library/Frameworks/CoreMotion.framework; sourceTree = DEVELOPER_DIR; };
		CC2BBF29E4A706E837471DEE /* UIColor+Delta.swift */ = {isa = PBXFileReference; lastKnownFileType = sourcecode.swift; path = "UIColor+Delta.swift"; sourceTree = "<group>"; };
		CC3A10AAE7A8979FDC1B690C /* ControllerInputsViewController.swift */ = {isa = PBXFileReference; lastKnownFileType = sourcecode.swift; path = ControllerInputsViewController.swift; sourceTree = "<group>"; };
		CC4DE32CA856169D7F8A2F1B /* GamesPresentationController.swift */ = {isa = PBXFileReference; lastKnownFileType = sourcecode.swift; path = GamesPresentationController.swift; sourceTree = "<group>"; };
		CD2B0866FA49E75F90AB6221 /* GamesDatabase.swift */ = {isa = PBXFileReference; lastKnownFileType = sourcecode.swift; path = GamesDatabase.swift; sourceTree = "<group>"; };
		CFD29C297059C67BB94046F3 /* SaveState.swift */ = {isa = PBXFileReference; lastKnownFileType = sourcecode.swift; path = SaveState.swift; sourceTree = "<group>"; };
		D2F4A78FC84A077A04D3B4FB /* Delta2ToDelta3.xcmappingmodel */ = {isa = PBXFileReference; lastKnownFileType = wrapper.xcmappingmodel; path = Delta2ToDelta3.xcmappingmodel; sourceTree = "<group>"; };
		D3BDF3AAE671D4CEEABD1A3C /* SyncingServicesViewController.swift */ = {isa = PBXFileReference; lastKnownFileType = sourcecode.swift; path = SyncingServicesViewController.swift; sourceTree = "<group>"; };
		D8D2614BFE03435C2EB87DCC /* URL+ExtendedAttributes.swift */ = {isa = PBXFileReference; lastKnownFileType = sourcecode.swift; path = "URL+ExtendedAttributes.swift"; sourceTree = "<group>"; };
		DA58A24886BC67A28F562338 /* Base */ = {isa = PBXFileReference; lastKnownFileType = file.storyboard; name = Base; path = Base.lproj/Settings.storyboard; sourceTree = "<group>"; };
		DADFC73CCAFC8AF4C52F03F3 /* BadgedTableViewCell.swift */ = {isa = PBXFileReference; lastKnownFileType = sourcecode.swift; path = BadgedTableViewCell.swift; sourceTree = "<group>"; };
		DE1730031BCA40C391AAD95D /* NSManagedObject+Conveniences.swift */ = {isa = PBXFileReference; lastKnownFileType = sourcecode.swift; path = "NSManagedObject+Conveniences.swift"; sourceTree = "<group>"; };
		DEF3815BC51E2718368CA3A8 /* _GameSave.swift */ = {isa = PBXFileReference; lastKnownFileType = sourcecode.swift; path = _GameSave.swift; sourceTree = "<group>"; };
		E0BC4AFC8AAAE87FCD934A6B /* Settings.swift */ = {isa = PBXFileReference; lastKnownFileType = sourcecode.swift; path = Settings.swift; sourceTree = "<group>"; };
		E0E83D3A8B7CB430B4E0D903 /* GamesDatabaseImportOption.swift */ = {isa = PBXFileReference; lastKnownFileType = sourcecode.swift; path = GamesDatabaseImportOption.swift; sourceTree = "<group>"; };
		E0EEFA4A3A6AD2F6B0BDFA66 /* NSManagedObjectContext+Conveniences.swift */ = {isa = PBXFileReference; lastKnownFileType = sourcecode.swift; path = "NSManagedObjectContext+Conveniences.swift"; sourceTree = "<group>"; };
		E10603DDDF6B106FFCEA3BC4 /* SaveStateMigrationPolicy.swift */ = {isa = PBXFileReference; lastKnownFileType = sourcecode.swift; path = SaveStateMigrationPolicy.swift; sourceTree = "<group>"; };
		E2D78E36B3E32890BCF08E9B /* PopoverMenuController.swift */ = {isa = PBXFileReference; lastKnownFileType = sourcecode.swift; path = PopoverMenuController.swift; sourceTree = "<group>"; };
		E31F08532BB1A7D3CA29FD27 /* SyncStatusViewController.swift */ = {isa = PBXFileReference; lastKnownFileType = sourcecode.swift; path = SyncStatusViewController.swift; sourceTree = "<group>"; };
		E3ADEECAAF08AF7C8AC3DE04 /* LicensesViewController.swift */ = {isa = PBXFileReference; lastKnownFileType = sourcecode.swift; path = LicensesViewController.swift; sourceTree = "<group>"; };
		E8B017F439201432B8C20011 /* DeltaCore.framework */ = {isa = PBXFileReference; explicitFileType = wrapper.framework; includeInIndex = 0; path = DeltaCore.framework; sourceTree = BUILT_PRODUCTS_DIR; };
		E958396B54407688D4D68D80 /* NSFetchedResultsController+Conveniences.m */ = {isa = PBXFileReference; lastKnownFileType = sourcecode.c.objc; path = "NSFetchedResultsController+Conveniences.m"; sourceTree = "<group>"; };
		E98C249C397AEE8141B6F40A /* _Cheat.swift */ = {isa = PBXFileReference; lastKnownFileType = sourcecode.swift; path = _Cheat.swift; sourceTree = "<group>"; };
		EAF96895C29E180E1699B9FE /* UIViewControllerContextTransitioning+Conveniences.swift */ = {isa = PBXFileReference; lastKnownFileType = sourcecode.swift; path = "UIViewControllerContextTransitioning+Conveniences.swift"; sourceTree = "<group>"; };
		EDB1B65EF0C00E113FBD1927 /* Pods-Delta.release.xcconfig */ = {isa = PBXFileReference; includeInIndex = 1; lastKnownFileType = text.xcconfig; name = "Pods-Delta.release.xcconfig"; path = "Target Support Files/Pods-Delta/Pods-Delta.release.xcconfig"; sourceTree = "<group>"; };
		F1CFF1F17D6B60BC44E8064C /* EmulatorCore+Cheats.swift */ = {isa = PBXFileReference; lastKnownFileType = sourcecode.swift; path = "EmulatorCore+Cheats.swift"; sourceTree = "<group>"; };
		F3DC2C823C3A7E639A60EFB4 /* MelonDSDeltaCore.framework */ = {isa = PBXFileReference; explicitFileType = wrapper.framework; includeInIndex = 0; path = MelonDSDeltaCore.framework; sourceTree = BUILT_PRODUCTS_DIR; };
		F75A7207A57FFA95DEFC0FBA /* SaveStatesViewController.swift */ = {isa = PBXFileReference; lastKnownFileType = sourcecode.swift; path = SaveStatesViewController.swift; sourceTree = "<group>"; };
		FA638A0A1C12A2D13A1E596C /* Info.plist */ = {isa = PBXFileReference; lastKnownFileType = text.plist; path = Info.plist; sourceTree = "<group>"; };
		FCD2CDE97DC577696FC01162 /* SettingsViewController.swift */ = {isa = PBXFileReference; lastKnownFileType = sourcecode.swift; path = SettingsViewController.swift; sourceTree = "<group>"; };
		FD2C403B2C5E77FBE3794C93 /* InitialGamesStoryboardSegue.swift */ = {isa = PBXFileReference; lastKnownFileType = sourcecode.swift; path = InitialGamesStoryboardSegue.swift; sourceTree = "<group>"; };
/* End PBXFileReference section */

/* Begin PBXFrameworksBuildPhase section */
		64957B0D598C282DDE90B500 /* Frameworks */ = {
			isa = PBXFrameworksBuildPhase;
			buildActionMask = 2147483647;
			files = (
				93D57CCF795B00A0AE2D2BF8 /* CoreMotion.framework in Frameworks */,
				0B37BE5372B50C1C28CD94B5 /* libz.tbd in Frameworks */,
				319CABBC2C7F87817580697E /* DeSmuMEDeltaCore.framework in Frameworks */,
				8326382F7C7B87C5861E60BC /* DeltaCore.framework in Frameworks */,
				5236BD4BD10C202C286A0A21 /* MelonDSDeltaCore.framework in Frameworks */,
				6ACC28632A0D36E4EDEF6343 /* Mupen64PlusDeltaCore.framework in Frameworks */,
				8A51E990855447628ADD3973 /* libPods-Delta.a in Frameworks */,
			);
			runOnlyForDeploymentPostprocessing = 0;
		};
/* End PBXFrameworksBuildPhase section */

/* Begin PBXGroup section */
		00158D52DFCD090D5912EFA6 /* Components */ = {
			isa = PBXGroup;
			children = (
				7BBC23ACB7FB4F36B1809F80 /* Collection View */,
				56E70EF77D2EACD194FF5C58 /* Loading */,
				CB026A0602580E56FD5D66E0 /* Popover Menu */,
				944E4CB106806D0242A0301E /* Table View */,
				7C272CC45E6AD6F911361E01 /* Action.swift */,
				4C584DD133EC1A53452742EB /* Box.swift */,
			);
			path = Components;
			sourceTree = "<group>";
		};
		085CE93ED9197B279FD2E063 /* Machine */ = {
			isa = PBXGroup;
			children = (
				E98C249C397AEE8141B6F40A /* _Cheat.swift */,
				AA2861E6BF4487994A03A770 /* _ControllerSkin.swift */,
				67F7D72E34A244F6DA901681 /* _Game.swift */,
				2AF6AE1A6C3537DF276B2918 /* _GameCollection.swift */,
				96704D8CC10354B9C71AE4A0 /* _GameControllerInputMapping.swift */,
				DEF3815BC51E2718368CA3A8 /* _GameSave.swift */,
				1FE13E66AA07EF9C297EE860 /* _SaveState.swift */,
			);
			path = Machine;
			sourceTree = "<group>";
		};
		0C187A8C8725C7851644059A /* Systems */ = {
			isa = PBXGroup;
			children = (
				66F0A09E1AF51C0792B4E1C9 /* DeltaCoreProtocol+Delta.swift */,
				B044256CFBD3AC9B23B92B23 /* System.swift */,
			);
			path = Systems;
			sourceTree = "<group>";
		};
		2825B50CD12257B0FA1C8DDF = {
			isa = PBXGroup;
			children = (
				87684F4B661B1ABBED8EE639 /* Project */,
				B614D16679FD7B63CDC5B91C /* Frameworks */,
				510258A59E9BD2441DAB330A /* Products */,
				58782CFA96DA9099632180D1 /* Pods */,
			);
			sourceTree = "<group>";
		};
		28DDAE021E5E5F18987BACDB /* Segues */ = {
			isa = PBXGroup;
			children = (
				707D6B12D4F985D5E312FB68 /* PauseStoryboardSegue.swift */,
				B09DB5F3412342ACD7C72997 /* PauseTransitionCoordinator.swift */,
			);
			path = Segues;
			sourceTree = "<group>";
		};
		2A4C04A322A849FEEE1544A5 /* Save States */ = {
			isa = PBXGroup;
			children = (
				11B856FA2FE876F0A6E6DEAB /* SaveStatesCollectionHeaderView.swift */,
				F75A7207A57FFA95DEFC0FBA /* SaveStatesViewController.swift */,
			);
			path = "Save States";
			sourceTree = "<group>";
		};
		322ACA179ECDE4E6141418F3 /* Import Options */ = {
			isa = PBXGroup;
			children = (
				A7F0D2434F6DA53D7CD9BB73 /* ClipboardImportOption.swift */,
				E0E83D3A8B7CB430B4E0D903 /* GamesDatabaseImportOption.swift */,
				B936BE7E3EDCB143939286A3 /* iTunesImportOption.swift */,
				461697925696CBBAA2EF330B /* PhotoLibraryImportOption.swift */,
			);
			path = "Import Options";
			sourceTree = "<group>";
		};
		3D1498E1948E4B70846D0CD8 /* Transformers */ = {
			isa = PBXGroup;
			children = (
				7B69C26EE223EFC5E421763F /* GameControllerInputMappingTransformer.swift */,
			);
			path = Transformers;
			sourceTree = "<group>";
		};
		3E5EC3B1C7AE767600E0F103 /* Settings */ = {
			isa = PBXGroup;
			children = (
				BE02F20CFC06BAB54689E425 /* App Icon Shortcuts */,
				73C2032DB227B60E8CED07BA /* Controller Skins */,
				DA1FCBE830D6CA864604BC35 /* Controllers */,
				D0CD3031FF3E2FE355376301 /* Cores */,
				73CE2CF547430809F04F7EF8 /* Syncing */,
				E3ADEECAAF08AF7C8AC3DE04 /* LicensesViewController.swift */,
				E0BC4AFC8AAAE87FCD934A6B /* Settings.swift */,
				FCD2CDE97DC577696FC01162 /* SettingsViewController.swift */,
			);
			path = Settings;
			sourceTree = "<group>";
		};
		3EB19698E2A3B3C863CB2BBA /* Human */ = {
			isa = PBXGroup;
			children = (
				77F6B55F218677CE5C1EFA18 /* Cheat.swift */,
				58FC6C5AB246325A686B546E /* ControllerSkin.swift */,
				07738CB34B08B64B6AEEC3C3 /* Game.swift */,
				37AF8DF4F0B4B0502CA6F826 /* GameCollection.swift */,
				C5DA074100E0D6659D3240F0 /* GameControllerInputMapping.swift */,
				B153036F7C5FC7E522589101 /* GameSave.swift */,
				CFD29C297059C67BB94046F3 /* SaveState.swift */,
			);
			path = Human;
			sourceTree = "<group>";
		};
		425EB71E63A015D62A2F0A71 /* Importing */ = {
			isa = PBXGroup;
			children = (
				322ACA179ECDE4E6141418F3 /* Import Options */,
				846A1B8DAEE8113FCFBD07F6 /* ImportController.swift */,
				80FCBEACCF4C652CEAFA8324 /* ImportOption.swift */,
			);
			path = Importing;
			sourceTree = "<group>";
		};
		468B6B362DBEBA914E3C3FCB /* Extensions */ = {
			isa = PBXGroup;
			children = (
				2CCF97BEE03ED360B12C7601 /* Bundle+SwizzleBundleID.swift */,
				87572A005BD82979437BCEF0 /* ControllerSkin+Configuring.swift */,
				F1CFF1F17D6B60BC44E8064C /* EmulatorCore+Cheats.swift */,
				40E8F26BDF6E2BCABD14F8F9 /* HarmonyMetadataKey+Keys.swift */,
				341F853802A2A7666275451D /* Input+Display.swift */,
				3B41522E7C4473A6445E21F5 /* NSFetchedResultsController+Conveniences.h */,
				E958396B54407688D4D68D80 /* NSFetchedResultsController+Conveniences.m */,
				DE1730031BCA40C391AAD95D /* NSManagedObject+Conveniences.swift */,
				E0EEFA4A3A6AD2F6B0BDFA66 /* NSManagedObjectContext+Conveniences.swift */,
				71537CF04F6BF06E82EDB160 /* UIAlertController+Error.swift */,
				AD0A1CFC8505F34DF6D6CF09 /* UIAlertController+Importing.swift */,
				CC2BBF29E4A706E837471DEE /* UIColor+Delta.swift */,
				97D8258E10CB5DF411A01571 /* UIDevice+Processor.swift */,
				48FE263459BBC2E1D6D3FFB5 /* UIImage+SymbolFallback.swift */,
				4FD25E457AED11EA673EC6B1 /* UILabel+FontSize.swift */,
				B63931900F6D37138D38DD78 /* UIView+ParentViewController.swift */,
				EAF96895C29E180E1699B9FE /* UIViewControllerContextTransitioning+Conveniences.swift */,
				D8D2614BFE03435C2EB87DCC /* URL+ExtendedAttributes.swift */,
			);
			path = Extensions;
			sourceTree = "<group>";
		};
		4BCDF76624A4CF6CAB28A432 /* Segues */ = {
			isa = PBXGroup;
			children = (
				CC4DE32CA856169D7F8A2F1B /* GamesPresentationController.swift */,
				5FE56BFC65E1E4BA1668103F /* GamesStoryboardSegue.swift */,
				FD2C403B2C5E77FBE3794C93 /* InitialGamesStoryboardSegue.swift */,
				08A43751AC65E482AE7FA4C2 /* SaveStatesStoryboardSegue.swift */,
			);
			path = Segues;
			sourceTree = "<group>";
		};
		510258A59E9BD2441DAB330A /* Products */ = {
			isa = PBXGroup;
			children = (
				C68901F8267E90589417CA7E /* Delta.app */,
				E8B017F439201432B8C20011 /* DeltaCore.framework */,
				6BCBFFECD1608C6C1966D11F /* DeSmuMEDeltaCore.framework */,
				F3DC2C823C3A7E639A60EFB4 /* MelonDSDeltaCore.framework */,
				C623CA78E48FE797B6FD08B9 /* Mupen64PlusDeltaCore.framework */,
			);
			name = Products;
			sourceTree = "<group>";
		};
		56E70EF77D2EACD194FF5C58 /* Loading */ = {
			isa = PBXGroup;
			children = (
				550A4E69370FF857729DB796 /* LoadControllerSkinImageOperation.swift */,
				C7E3BA98B1F1A619BC6F31C4 /* LoadImageURLOperation.swift */,
			);
			path = Loading;
			sourceTree = "<group>";
		};
		58782CFA96DA9099632180D1 /* Pods */ = {
			isa = PBXGroup;
			children = (
				A2A6D38A006A1D729FCE10AF /* Pods-Delta.debug.xcconfig */,
				EDB1B65EF0C00E113FBD1927 /* Pods-Delta.release.xcconfig */,
			);
			path = Pods;
			sourceTree = "<group>";
		};
		59BE7781BCA6553554155D9E /* Migrations */ = {
			isa = PBXGroup;
			children = (
				79619989EDBD622590289CE4 /* Policies */,
				D2F4A78FC84A077A04D3B4FB /* Delta2ToDelta3.xcmappingmodel */,
				1278E32188328BC3B71977B7 /* Delta3ToDelta4.xcmappingmodel */,
				771D41997C9E1F3023423041 /* Delta4ToDelta5.xcmappingmodel */,
				82951EC516AD98256CA95956 /* Delta5ToDelta6.xcmappingmodel */,
				AD0DF6A9A5C076966A17F971 /* DeltaToDelta2.xcmappingmodel */,
			);
			path = Migrations;
			sourceTree = "<group>";
		};
		5B4DEACD179AD8B36948D87C /* Theming */ = {
			isa = PBXGroup;
			children = (
				2D73F9C20F11778B555F6E6E /* Theme.swift */,
			);
			path = Theming;
			sourceTree = "<group>";
		};
		67949578CA51150A15F973F9 /* Resources */ = {
			isa = PBXGroup;
			children = (
				8AB2125770E4B875BCAD4CF9 /* GamesDatabase.storyboard */,
				10921D3634F9CF3E46F82FEE /* LaunchScreen.storyboard */,
				F95113DC67A66AA32F5E2AFD /* Main.storyboard */,
				70E5675EC2F586B800B6B4D5 /* PauseMenu.storyboard */,
				CCFF92D5F560EE0F33BAF714 /* PausePresentationControllerContentView.xib */,
				C8D4513A8C428CFC374B8B78 /* Settings.storyboard */,
				09F29303450FC679619AAFCC /* SyncResultsViewController.storyboard */,
				6DE5684774475A908BEFAE02 /* Assets.xcassets */,
				23150083DBAC8879D837FCC4 /* DS.png */,
				121B41B28A0AD39FC1B098DB /* GoogleService-Info.plist */,
				22CDFD37F29E5D0AC1197F35 /* openvgdb.sqlite */,
			);
			path = Resources;
			sourceTree = "<group>";
		};
		73C2032DB227B60E8CED07BA /* Controller Skins */ = {
			isa = PBXGroup;
			children = (
				334850EDC01A6184B39F569A /* ControllerSkinsViewController.swift */,
				620E56321945B9091E5B24B2 /* ControllerSkinTableViewCell.swift */,
				5DCAFACEA98AE8C4CD01855F /* PreferredControllerSkinsViewController.swift */,
			);
			path = "Controller Skins";
			sourceTree = "<group>";
		};
		73CE2CF547430809F04F7EF8 /* Syncing */ = {
			isa = PBXGroup;
			children = (
				4252DA11656E30295EDA5899 /* GameSyncStatusViewController.swift */,
				5EE8861AC25910AD1A0E5445 /* RecordSyncStatusViewController.swift */,
				12B6861E91A16FEF8D217BA9 /* RecordVersionsViewController.swift */,
				D3BDF3AAE671D4CEEABD1A3C /* SyncingServicesViewController.swift */,
				E31F08532BB1A7D3CA29FD27 /* SyncStatusViewController.swift */,
			);
			path = Syncing;
			sourceTree = "<group>";
		};
		79619989EDBD622590289CE4 /* Policies */ = {
			isa = PBXGroup;
			children = (
				69444AA8981965D24DD731B6 /* GameControllerInputMappingMigrationPolicy.swift */,
				E10603DDDF6B106FFCEA3BC4 /* SaveStateMigrationPolicy.swift */,
			);
			path = Policies;
			sourceTree = "<group>";
		};
		7A475FA2ECABDC55160E1E09 /* Pause Menu */ = {
			isa = PBXGroup;
			children = (
				D68C5F0783C6D017DAD64093 /* Cheats */,
				F3A2DD88C168797CEAFE5D77 /* Presentation Controller */,
				2A4C04A322A849FEEE1544A5 /* Save States */,
				28DDAE021E5E5F18987BACDB /* Segues */,
				B8EFEC67E6B47223A6091C5A /* GridMenuViewController.swift */,
				7F3DF17A09C6A2FEDFDEA08A /* MenuItem.swift */,
				8946A125B434AFCEA52D243D /* PauseViewController.swift */,
			);
			path = "Pause Menu";
			sourceTree = "<group>";
		};
		7BBC23ACB7FB4F36B1809F80 /* Collection View */ = {
			isa = PBXGroup;
			children = (
				245A45A38FE14C16A5EFEACC /* GridCollectionViewCell.swift */,
				2841B7EAC9EE82BBEE8A23BD /* GridCollectionViewLayout.swift */,
			);
			path = "Collection View";
			sourceTree = "<group>";
		};
		87684F4B661B1ABBED8EE639 /* Project */ = {
			isa = PBXGroup;
			children = (
				AEFF6B905C88BBC66E7873AA /* Derived */,
				67949578CA51150A15F973F9 /* Resources */,
				B28B0C5B91C1289E63757ECB /* Sources */,
				FA638A0A1C12A2D13A1E596C /* Info.plist */,
			);
			name = Project;
			sourceTree = "<group>";
		};
		944E4CB106806D0242A0301E /* Table View */ = {
			isa = PBXGroup;
			children = (
				DADFC73CCAFC8AF4C52F03F3 /* BadgedTableViewCell.swift */,
				A5684F979A519141101502A0 /* GameTableViewCell.swift */,
			);
			path = "Table View";
			sourceTree = "<group>";
		};
		A5684AB6DDC5A401E778554F /* OpenVGDB */ = {
			isa = PBXGroup;
			children = (
				836C17E0B2FE4D07B807DFAA /* GameMetadata.swift */,
				CD2B0866FA49E75F90AB6221 /* GamesDatabase.swift */,
				0EEA8379C54ACBA34F228108 /* GamesDatabaseBrowserViewController.swift */,
			);
			path = OpenVGDB;
			sourceTree = "<group>";
		};
		A8868BC664BF6B5471CDB513 /* Launch */ = {
			isa = PBXGroup;
			children = (
				2C499D8623F47F9A080B76C4 /* LaunchViewController.swift */,
			);
			path = Launch;
			sourceTree = "<group>";
		};
		AC9C3B501D78F5CE4862427F /* Emulation */ = {
			isa = PBXGroup;
			children = (
				513440CFB57903D7086539A1 /* ActionInput.swift */,
				A622359A3A7E97DC8ECA8B4C /* GameViewController.swift */,
				5FAA3780D53BB74067BC2E18 /* PreviewGameViewController.swift */,
			);
			path = Emulation;
			sourceTree = "<group>";
		};
		AEFF6B905C88BBC66E7873AA /* Derived */ = {
			isa = PBXGroup;
			children = (
				D2D0BF73799F7BE3B7CF0ABF /* Sources */,
			);
			path = Derived;
			sourceTree = "<group>";
		};
		B28B0C5B91C1289E63757ECB /* Sources */ = {
			isa = PBXGroup;
			children = (
				00158D52DFCD090D5912EFA6 /* Components */,
				B943604C7363B27A0978A2A5 /* Database */,
				CAC7195BD1052890781AA6C1 /* Deep Linking */,
				AC9C3B501D78F5CE4862427F /* Emulation */,
				468B6B362DBEBA914E3C3FCB /* Extensions */,
				EA1F79BFF9648DC7D6B20708 /* Game Selection */,
				425EB71E63A015D62A2F0A71 /* Importing */,
				A8868BC664BF6B5471CDB513 /* Launch */,
				7A475FA2ECABDC55160E1E09 /* Pause Menu */,
				3E5EC3B1C7AE767600E0F103 /* Settings */,
				DD5FBF4B567C17D463C19630 /* Syncing */,
				0C187A8C8725C7851644059A /* Systems */,
				5B4DEACD179AD8B36948D87C /* Theming */,
				B49B947789BA990566E329C5 /* AppDelegate.swift */,
			);
			path = Sources;
			sourceTree = "<group>";
		};
		B614D16679FD7B63CDC5B91C /* Frameworks */ = {
			isa = PBXGroup;
			children = (
				C97CB7C39BBD554F8ED0FCE7 /* CoreMotion.framework */,
				C5FFF8EDA265B5A39B605F12 /* libz.tbd */,
				3753B738EEE5FFBF653823D2 /* libPods-Delta.a */,
			);
			name = Frameworks;
			sourceTree = "<group>";
		};
		B943604C7363B27A0978A2A5 /* Database */ = {
			isa = PBXGroup;
			children = (
				DDC2AC60BB3156FE9526FBF2 /* Model */,
				A5684AB6DDC5A401E778554F /* OpenVGDB */,
				533DFCD8370B1480896772C1 /* DatabaseManager.swift */,
			);
			path = Database;
			sourceTree = "<group>";
		};
		BE02F20CFC06BAB54689E425 /* App Icon Shortcuts */ = {
			isa = PBXGroup;
			children = (
				2DCF29104C64DECA9E8C4972 /* AppIconShortcutsViewController.swift */,
			);
			path = "App Icon Shortcuts";
			sourceTree = "<group>";
		};
		CAC7195BD1052890781AA6C1 /* Deep Linking */ = {
			isa = PBXGroup;
			children = (
				BB919FD208812D780F92ACFD /* CopyDeepLinkActivity.swift */,
				BF4DF416634ADEB234116724 /* DeepLink.swift */,
				A6287D1498934ABE0FECEF96 /* DeepLinkController.swift */,
			);
			path = "Deep Linking";
			sourceTree = "<group>";
		};
		CB026A0602580E56FD5D66E0 /* Popover Menu */ = {
			isa = PBXGroup;
			children = (
				A4756C02FB65CAFD338C479B /* PopoverMenuButton.swift */,
				E2D78E36B3E32890BCF08E9B /* PopoverMenuController.swift */,
				169288B9F4A5B12BAF1159D1 /* PopoverMenuViewController.swift */,
			);
			path = "Popover Menu";
			sourceTree = "<group>";
		};
		D0CD3031FF3E2FE355376301 /* Cores */ = {
			isa = PBXGroup;
			children = (
				5D0661CF196D65A14DC7B91A /* MelonDSCoreSettingsViewController.swift */,
			);
			path = Cores;
			sourceTree = "<group>";
		};
		D2D0BF73799F7BE3B7CF0ABF /* Sources */ = {
			isa = PBXGroup;
			children = (
				A3C91719EE4D20B0593B49D6 /* Assets+Delta.swift */,
				A569BCC6CAA31ED2BB896720 /* Bundle+Delta.swift */,
				8EB750401B7F78BE2B814CCA /* GoogleServiceInfo.swift */,
			);
			path = Sources;
			sourceTree = "<group>";
		};
		D68C5F0783C6D017DAD64093 /* Cheats */ = {
			isa = PBXGroup;
			children = (
				B24F36C983417D55FF43DB16 /* CheatsViewController.swift */,
				4B33B07E0A69804CEC6737DC /* CheatTableViewCell.swift */,
				B07B77633E4DD40996DC2775 /* CheatTextView.swift */,
				76D80E68F168240B9157F748 /* CheatValidator.swift */,
				4577BAD89F7029AD1C96620A /* EditCheatViewController.swift */,
			);
			path = Cheats;
			sourceTree = "<group>";
		};
		DA1FCBE830D6CA864604BC35 /* Controllers */ = {
			isa = PBXGroup;
			children = (
				CC3A10AAE7A8979FDC1B690C /* ControllerInputsViewController.swift */,
				163F18BABA7462B2E7EA027A /* ControllersSettingsViewController.swift */,
				387774F2F87A7CBCA71BC75E /* InputCalloutView.swift */,
			);
			path = Controllers;
			sourceTree = "<group>";
		};
		DD5FBF4B567C17D463C19630 /* Syncing */ = {
			isa = PBXGroup;
			children = (
				6A8E17996A6C14F9A4D9D961 /* SyncManager.swift */,
				865BA947CFB15D6D3654B990 /* SyncResultViewController.swift */,
			);
			path = Syncing;
			sourceTree = "<group>";
		};
		DDC2AC60BB3156FE9526FBF2 /* Model */ = {
			isa = PBXGroup;
			children = (
				3EB19698E2A3B3C863CB2BBA /* Human */,
				085CE93ED9197B279FD2E063 /* Machine */,
				59BE7781BCA6553554155D9E /* Migrations */,
				F7677848B0E9C7C556F2448B /* Misc */,
				3D1498E1948E4B70846D0CD8 /* Transformers */,
			);
			path = Model;
			sourceTree = "<group>";
		};
		EA1F79BFF9648DC7D6B20708 /* Game Selection */ = {
			isa = PBXGroup;
			children = (
				4BCDF76624A4CF6CAB28A432 /* Segues */,
				341CD8E2863951EF46EE87CB /* GameCollectionViewController.swift */,
				1BF3A0BD89EB5896921D24F6 /* GamesViewController.swift */,
			);
			path = "Game Selection";
			sourceTree = "<group>";
		};
		F3A2DD88C168797CEAFE5D77 /* Presentation Controller */ = {
			isa = PBXGroup;
			children = (
				A779B338A6671046AD382893 /* PausePresentationController.swift */,
			);
			path = "Presentation Controller";
			sourceTree = "<group>";
		};
		F7677848B0E9C7C556F2448B /* Misc */ = {
			isa = PBXGroup;
			children = (
				89A692EB7F28FB52C87EF971 /* ControllerSkinConfigurations.h */,
			);
			path = Misc;
			sourceTree = "<group>";
		};
/* End PBXGroup section */

/* Begin PBXNativeTarget section */
		8A7F4FF3423E9FFEFC0ADF95 /* Delta */ = {
			isa = PBXNativeTarget;
			buildConfigurationList = 0422E35B2D52492446BFAF15 /* Build configuration list for PBXNativeTarget "Delta" */;
			buildPhases = (
				E36F90D606E6AD59F855B4E0 /* [CP] Check Pods Manifest.lock */,
				37BB759760A610121DD56856 /* Sources */,
				ADFA8E94CE8B119F675D7D04 /* Resources */,
				65FCEC10DCA57E9A5506EF9B /* Embed Precompiled Frameworks */,
				124AA8CCFAE584349304FFC2 /* Embed Frameworks */,
				64957B0D598C282DDE90B500 /* Frameworks */,
				FDB009FBFA0089F8D08FB9D9 /* Fabric */,
				A7209D717F80D8CAE398D9A0 /* [CP] Copy Pods Resources */,
			);
			buildRules = (
			);
			dependencies = (
			);
			name = Delta;
			productName = Delta;
			productReference = C68901F8267E90589417CA7E /* Delta.app */;
			productType = "com.apple.product-type.application";
		};
/* End PBXNativeTarget section */

/* Begin PBXProject section */
		8E818563DD40DA0B0CF5E3E0 /* Project object */ = {
			isa = PBXProject;
			attributes = {
			};
			buildConfigurationList = 16C1D5A0792BF34B428898DD /* Build configuration list for PBXProject "Delta" */;
			compatibilityVersion = "Xcode 9.3";
			developmentRegion = en;
			hasScannedForEncodings = 0;
			knownRegions = (
				Base,
				en,
			);
			mainGroup = 2825B50CD12257B0FA1C8DDF;
			productRefGroup = 510258A59E9BD2441DAB330A /* Products */;
			projectDirPath = "";
			projectRoot = "";
			targets = (
				8A7F4FF3423E9FFEFC0ADF95 /* Delta */,
			);
		};
/* End PBXProject section */

/* Begin PBXResourcesBuildPhase section */
		ADFA8E94CE8B119F675D7D04 /* Resources */ = {
			isa = PBXResourcesBuildPhase;
			buildActionMask = 2147483647;
			files = (
				DC0D6ABD2151FDC808BF2826 /* Assets.xcassets in Resources */,
				026405FBF9DFAD90E7F79A6D /* GamesDatabase.storyboard in Resources */,
				0606DB7706DA9DD770D503AB /* LaunchScreen.storyboard in Resources */,
				A547F75FF182327EF876A441 /* Main.storyboard in Resources */,
				51A27B909C67DE1C7369D8B1 /* PauseMenu.storyboard in Resources */,
				EBA8EED6791360DB90D4FD1E /* PausePresentationControllerContentView.xib in Resources */,
				8EFE80C56DFC9E2AB8144B42 /* Settings.storyboard in Resources */,
				4CA849F5F997EAC10EF17015 /* SyncResultsViewController.storyboard in Resources */,
				6253308F8023F3A105CAD33D /* DS.png in Resources */,
				977B9474A793C10A1A5A8126 /* GoogleService-Info.plist in Resources */,
				6D3A4061B951C1217AC39428 /* openvgdb.sqlite in Resources */,
			);
			runOnlyForDeploymentPostprocessing = 0;
		};
/* End PBXResourcesBuildPhase section */

/* Begin PBXShellScriptBuildPhase section */
		65FCEC10DCA57E9A5506EF9B /* Embed Precompiled Frameworks */ = {
			isa = PBXShellScriptBuildPhase;
			buildActionMask = 2147483647;
			files = (
			);
			inputPaths = (
			);
			name = "Embed Precompiled Frameworks";
			outputPaths = (
			);
			runOnlyForDeploymentPostprocessing = 0;
			shellPath = /bin/sh;
			shellScript = "echo \"Skipping, nothing to be embedded.\"";
		};
		A7209D717F80D8CAE398D9A0 /* [CP] Copy Pods Resources */ = {
			isa = PBXShellScriptBuildPhase;
			buildActionMask = 2147483647;
			files = (
			);
			inputFileListPaths = (
				"${PODS_ROOT}/Target Support Files/Pods-Delta/Pods-Delta-resources-${CONFIGURATION}-input-files.xcfilelist",
			);
			name = "[CP] Copy Pods Resources";
			outputFileListPaths = (
				"${PODS_ROOT}/Target Support Files/Pods-Delta/Pods-Delta-resources-${CONFIGURATION}-output-files.xcfilelist",
			);
			runOnlyForDeploymentPostprocessing = 0;
			shellPath = /bin/sh;
			shellScript = "\"${PODS_ROOT}/Target Support Files/Pods-Delta/Pods-Delta-resources.sh\"\n";
			showEnvVarsInLog = 0;
		};
		E36F90D606E6AD59F855B4E0 /* [CP] Check Pods Manifest.lock */ = {
			isa = PBXShellScriptBuildPhase;
			buildActionMask = 2147483647;
			files = (
			);
			inputFileListPaths = (
			);
			inputPaths = (
				"${PODS_PODFILE_DIR_PATH}/Podfile.lock",
				"${PODS_ROOT}/Manifest.lock",
			);
			name = "[CP] Check Pods Manifest.lock";
			outputFileListPaths = (
			);
			outputPaths = (
				"$(DERIVED_FILE_DIR)/Pods-Delta-checkManifestLockResult.txt",
			);
			runOnlyForDeploymentPostprocessing = 0;
			shellPath = /bin/sh;
			shellScript = "diff \"${PODS_PODFILE_DIR_PATH}/Podfile.lock\" \"${PODS_ROOT}/Manifest.lock\" > /dev/null\nif [ $? != 0 ] ; then\n    # print error to STDERR\n    echo \"error: The sandbox is not in sync with the Podfile.lock. Run 'pod install' or update your CocoaPods installation.\" >&2\n    exit 1\nfi\n# This output is used by Xcode 'outputs' to avoid re-running this script phase.\necho \"SUCCESS\" > \"${SCRIPT_OUTPUT_FILE_0}\"\n";
			showEnvVarsInLog = 0;
		};
		FDB009FBFA0089F8D08FB9D9 /* Fabric */ = {
			isa = PBXShellScriptBuildPhase;
			buildActionMask = 2147483647;
			files = (
			);
			inputFileListPaths = (
			);
			inputPaths = (
			);
			name = Fabric;
			outputFileListPaths = (
			);
			outputPaths = (
			);
			runOnlyForDeploymentPostprocessing = 0;
			shellPath = /bin/sh;
			shellScript = "\"${PROJECT_DIR}\"/Phases/fabric.sh ";
		};
/* End PBXShellScriptBuildPhase section */

/* Begin PBXSourcesBuildPhase section */
		37BB759760A610121DD56856 /* Sources */ = {
			isa = PBXSourcesBuildPhase;
			buildActionMask = 2147483647;
			files = (
				AE77FD38BFCE681D429030A5 /* Assets+Delta.swift in Sources */,
				EE5FE790759B7AAD909BE070 /* Bundle+Delta.swift in Sources */,
				09F52BDA35606C883126A6FC /* GoogleServiceInfo.swift in Sources */,
				1318F4AF747A3A57EA9E6154 /* AppDelegate.swift in Sources */,
				D484B06F5C3B62045228CF58 /* Action.swift in Sources */,
				CD50B183220436C280459C5B /* Box.swift in Sources */,
				848A5A78DDBB203468F48601 /* GridCollectionViewCell.swift in Sources */,
				549C0609DD68126B5B60CCB8 /* GridCollectionViewLayout.swift in Sources */,
				7429375692926E3E1B2E8F3A /* LoadControllerSkinImageOperation.swift in Sources */,
				48ACD70CFDDD39CADD835EEF /* LoadImageURLOperation.swift in Sources */,
				F3990018929D2CF0F39A23A1 /* PopoverMenuButton.swift in Sources */,
				490F412F85E30645B31162D3 /* PopoverMenuController.swift in Sources */,
				E03B0833E00D1B7FCCEF6C40 /* PopoverMenuViewController.swift in Sources */,
				E980E58911755265BF51A8FF /* BadgedTableViewCell.swift in Sources */,
				550B32D74F6E1E7BC6380166 /* GameTableViewCell.swift in Sources */,
				0723DB9CA3F27D8168DD0464 /* DatabaseManager.swift in Sources */,
				7A98FC454298479380731BD8 /* Cheat.swift in Sources */,
				CDB00904C5714634E660D7AA /* ControllerSkin.swift in Sources */,
				413DD95653B1E52217216D1A /* Game.swift in Sources */,
				CB7963043D2D1C88A8069C64 /* GameCollection.swift in Sources */,
				CFC7977646D9B98433A5C348 /* GameControllerInputMapping.swift in Sources */,
				FCDD0923BB6A8C66301733B9 /* GameSave.swift in Sources */,
				E756DCB154B0543BEB29C2AA /* SaveState.swift in Sources */,
				8023B26342C431CAE22488DF /* _Cheat.swift in Sources */,
				A295E418B5EC01C637BF8D98 /* _ControllerSkin.swift in Sources */,
				A913392761F9FD868AD9B91F /* _Game.swift in Sources */,
				98664F6E30B8EF10AFB0A968 /* _GameCollection.swift in Sources */,
				02AE42739F86F21A854E3CE3 /* _GameControllerInputMapping.swift in Sources */,
				BE64A2247524143FC03C3C2E /* _GameSave.swift in Sources */,
				87A6CDE94D92D0EC0EF943B9 /* _SaveState.swift in Sources */,
				36B23A61EC1FC340284DB083 /* Delta2ToDelta3.xcmappingmodel in Sources */,
				27F55F16CCFCA6D6DAF6DC8D /* Delta3ToDelta4.xcmappingmodel in Sources */,
				9C0200B7FC7325A2B8F0A216 /* Delta4ToDelta5.xcmappingmodel in Sources */,
				59E1C83313EC3D7A118073C7 /* Delta5ToDelta6.xcmappingmodel in Sources */,
				03C8598D5698B7776560FB3B /* DeltaToDelta2.xcmappingmodel in Sources */,
				322C3E3F23446153172DF8E8 /* GameControllerInputMappingMigrationPolicy.swift in Sources */,
				529CE35077275B97B64FAB5A /* SaveStateMigrationPolicy.swift in Sources */,
				51645BCCF730AA9AD192A3A9 /* GameControllerInputMappingTransformer.swift in Sources */,
				568C4569DB484D5A12C39A70 /* GameMetadata.swift in Sources */,
				36F35249CB54241658520670 /* GamesDatabase.swift in Sources */,
				47486E81810BC69CBE0FCCF1 /* GamesDatabaseBrowserViewController.swift in Sources */,
				76B348D67E9583508C8F45EF /* CopyDeepLinkActivity.swift in Sources */,
				15C93D70957EC96F59007644 /* DeepLink.swift in Sources */,
				6437A6EFDF03CC34B35B6010 /* DeepLinkController.swift in Sources */,
				1F9E972D24F929B822742E70 /* ActionInput.swift in Sources */,
				6AF526D2D475DBC6E8376B61 /* GameViewController.swift in Sources */,
				0089C2FDC6C000627818BDBB /* PreviewGameViewController.swift in Sources */,
				736F0BC549B61E6FFEB1A3F0 /* Bundle+SwizzleBundleID.swift in Sources */,
				BAC59335B87D695E15693B87 /* ControllerSkin+Configuring.swift in Sources */,
				E244DC5CEF91FABAD698CA20 /* EmulatorCore+Cheats.swift in Sources */,
				3340A81E39BFF64D4898DFAF /* HarmonyMetadataKey+Keys.swift in Sources */,
				2DB6D652A2BE585AE3DF765F /* Input+Display.swift in Sources */,
				03483ACAD141EAC6E3494D22 /* NSFetchedResultsController+Conveniences.m in Sources */,
				9324F85547C8616FD370B40F /* NSManagedObject+Conveniences.swift in Sources */,
				47DB018F34F7996DE713AB5F /* NSManagedObjectContext+Conveniences.swift in Sources */,
				70F3EB457A8974856A66990C /* UIAlertController+Error.swift in Sources */,
				DAD303A6019E9E04851B8A29 /* UIAlertController+Importing.swift in Sources */,
				C5B887E23CE1104BEFA17483 /* UIColor+Delta.swift in Sources */,
				0501A1B1574765CF5BB0EA20 /* UIDevice+Processor.swift in Sources */,
				B3C149544C5CBDD003506D9D /* UIImage+SymbolFallback.swift in Sources */,
				02FCA9F5A67DC9DF1B5AC2D7 /* UILabel+FontSize.swift in Sources */,
				F5C11D24C72DE5D410470558 /* UIView+ParentViewController.swift in Sources */,
				9550749348D34EA9411588AA /* UIViewControllerContextTransitioning+Conveniences.swift in Sources */,
				E5EBACCBF06FF2571DF39159 /* URL+ExtendedAttributes.swift in Sources */,
				2A559A25E24B0B9410A589AA /* GameCollectionViewController.swift in Sources */,
				EBD859BF73025766C87918A0 /* GamesViewController.swift in Sources */,
				2E1404104C7A4862E88D8286 /* GamesPresentationController.swift in Sources */,
				258BEF8A6A4F37D471963CD0 /* GamesStoryboardSegue.swift in Sources */,
				DB6654C4F916A40402F0A1C1 /* InitialGamesStoryboardSegue.swift in Sources */,
				326DC2FAE675F79E2E6E4E00 /* SaveStatesStoryboardSegue.swift in Sources */,
				0B1A14AC1738DA36817D3264 /* ClipboardImportOption.swift in Sources */,
				182F7AFF7E9C514ED223284F /* GamesDatabaseImportOption.swift in Sources */,
				DA74D9C2E3ECE63D22EF09A2 /* PhotoLibraryImportOption.swift in Sources */,
				8D668BE52B5B53AF8CFD2963 /* iTunesImportOption.swift in Sources */,
				940BA034F5ED807453EF2D2D /* ImportController.swift in Sources */,
				A04A27C7163182625A858829 /* ImportOption.swift in Sources */,
				103787083A3DD7D816E6C13A /* LaunchViewController.swift in Sources */,
				BF825C7327C4A64B29316E99 /* CheatTableViewCell.swift in Sources */,
				A498C333B21E6FBD30DC76C9 /* CheatTextView.swift in Sources */,
				A1AFE2A66E808EF90BA967DC /* CheatValidator.swift in Sources */,
				C2B8D4581C603A73EBE39B32 /* CheatsViewController.swift in Sources */,
				1C090BA3A1687AC771907AA9 /* EditCheatViewController.swift in Sources */,
				2CF6062275323C8256F3CE6F /* GridMenuViewController.swift in Sources */,
				5E6F2A455ADD722E2FB3E0CC /* MenuItem.swift in Sources */,
				73F2DF7A26336ABF7C8AF974 /* PauseViewController.swift in Sources */,
				4CEE0E8BEABFF018D892DD05 /* PausePresentationController.swift in Sources */,
				678255610CDB58391246B6B0 /* SaveStatesCollectionHeaderView.swift in Sources */,
				C5E99B4A1C7C4607C3ED8C3B /* SaveStatesViewController.swift in Sources */,
				7C641917CF32F9A6EF1BF8EE /* PauseStoryboardSegue.swift in Sources */,
				28BDF1C53143262F7A365372 /* PauseTransitionCoordinator.swift in Sources */,
				6AA36DA37684D451CB59D98F /* AppIconShortcutsViewController.swift in Sources */,
				F38FB60F85DB1BF91BB1B9C8 /* ControllerSkinTableViewCell.swift in Sources */,
				CA555FF9873BD3B332271FF1 /* ControllerSkinsViewController.swift in Sources */,
				748F08DDF3D4EFB67A1253F7 /* PreferredControllerSkinsViewController.swift in Sources */,
				618920DCE912FC51F92FDAFC /* ControllerInputsViewController.swift in Sources */,
				A79DD9B86157A300F93F91D5 /* ControllersSettingsViewController.swift in Sources */,
				A5CB6A793931BE71931FFA7D /* InputCalloutView.swift in Sources */,
				B5AB1CBE0B06F08ED3FAAF3E /* MelonDSCoreSettingsViewController.swift in Sources */,
				0AF2C56EDF7AA9078BA20D27 /* LicensesViewController.swift in Sources */,
				1730A00FA595290697F6CE32 /* Settings.swift in Sources */,
				E295F9D3248CF50F3BBD1DFF /* SettingsViewController.swift in Sources */,
				A07D22173B8456E9981E46AD /* GameSyncStatusViewController.swift in Sources */,
				197283C4AE039BF0BB3E225B /* RecordSyncStatusViewController.swift in Sources */,
				0F8E9F8C65AF5A8382153E2D /* RecordVersionsViewController.swift in Sources */,
				F05B0BF627854C0B2801A308 /* SyncStatusViewController.swift in Sources */,
				9FAC65C877AAA68E3DE3299D /* SyncingServicesViewController.swift in Sources */,
				1A834F597EFA3CEC49FD4796 /* SyncManager.swift in Sources */,
				C75625AE6A9E2B6C9264AEE0 /* SyncResultViewController.swift in Sources */,
				830C81F0593BABFF0CD3157D /* DeltaCoreProtocol+Delta.swift in Sources */,
				3F5503C5011F2BBA55111503 /* System.swift in Sources */,
				C9EB226D790286A68A6C504B /* Theme.swift in Sources */,
			);
			runOnlyForDeploymentPostprocessing = 0;
		};
/* End PBXSourcesBuildPhase section */

/* Begin PBXVariantGroup section */
		09F29303450FC679619AAFCC /* SyncResultsViewController.storyboard */ = {
			isa = PBXVariantGroup;
			children = (
				1334638FA24FD73ED3EC5EAD /* Base */,
			);
			name = SyncResultsViewController.storyboard;
			sourceTree = "<group>";
		};
		10921D3634F9CF3E46F82FEE /* LaunchScreen.storyboard */ = {
			isa = PBXVariantGroup;
			children = (
				BFB10526118840C065005229 /* Base */,
			);
			name = LaunchScreen.storyboard;
			sourceTree = "<group>";
		};
		70E5675EC2F586B800B6B4D5 /* PauseMenu.storyboard */ = {
			isa = PBXVariantGroup;
			children = (
				B87F38B70E5A28DD18C74E8F /* Base */,
			);
			name = PauseMenu.storyboard;
			sourceTree = "<group>";
		};
		8AB2125770E4B875BCAD4CF9 /* GamesDatabase.storyboard */ = {
			isa = PBXVariantGroup;
			children = (
				0AF1C4EDDBFE7BE3CC97BEF4 /* Base */,
			);
			name = GamesDatabase.storyboard;
			sourceTree = "<group>";
		};
		C8D4513A8C428CFC374B8B78 /* Settings.storyboard */ = {
			isa = PBXVariantGroup;
			children = (
				DA58A24886BC67A28F562338 /* Base */,
			);
			name = Settings.storyboard;
			sourceTree = "<group>";
		};
		CCFF92D5F560EE0F33BAF714 /* PausePresentationControllerContentView.xib */ = {
			isa = PBXVariantGroup;
			children = (
				010E8900B5D37C3EC40FA2B2 /* Base */,
			);
			name = PausePresentationControllerContentView.xib;
			sourceTree = "<group>";
		};
		F95113DC67A66AA32F5E2AFD /* Main.storyboard */ = {
			isa = PBXVariantGroup;
			children = (
				B6A44235534B5B5A4690AD90 /* Base */,
			);
			name = Main.storyboard;
			sourceTree = "<group>";
		};
/* End PBXVariantGroup section */

/* Begin XCBuildConfiguration section */
		2506E3F5DCAAEE7CBA9E646E /* Debug */ = {
			isa = XCBuildConfiguration;
			baseConfigurationReference = A2A6D38A006A1D729FCE10AF /* Pods-Delta.debug.xcconfig */;
			buildSettings = {
				ASSETCATALOG_COMPILER_APPICON_NAME = AppIcon;
				CODE_SIGN_IDENTITY = "iPhone Developer";
				CODE_SIGN_STYLE = Automatic;
				DEVELOPMENT_TEAM = B82TF96752;
				ENABLE_PREVIEWS = YES;
				INFOPLIST_FILE = Info.plist;
				IPHONEOS_DEPLOYMENT_TARGET = 12.2;
				LD_RUNPATH_SEARCH_PATHS = (
					"$(inherited)",
					"@executable_path/Frameworks",
				);
				OTHER_SWIFT_FLAGS = "$(inherited) -Xfrontend -debug-time-function-bodies";
				PRODUCT_BUNDLE_IDENTIFIER = com.rileytestut.Delta;
				PRODUCT_NAME = Delta;
				SDKROOT = iphoneos;
				SUPPORTED_PLATFORMS = "iphonesimulator iphoneos";
				SWIFT_ACTIVE_COMPILATION_CONDITIONS = DEBUG;
				SWIFT_COMPILATION_MODE = singlefile;
				SWIFT_OBJC_BRIDGING_HEADER = "Sources/Bridging-Header.h";
				SWIFT_OPTIMIZATION_LEVEL = "-Onone";
				SWIFT_VERSION = 5.3.2;
				TARGETED_DEVICE_FAMILY = "1,2";
			};
			name = Debug;
		};
		2AF6476B175D11F15D91EDCB /* Release */ = {
			isa = XCBuildConfiguration;
			baseConfigurationReference = EDB1B65EF0C00E113FBD1927 /* Pods-Delta.release.xcconfig */;
			buildSettings = {
				ASSETCATALOG_COMPILER_APPICON_NAME = AppIcon;
				CODE_SIGN_IDENTITY = "iPhone Developer";
				CODE_SIGN_STYLE = Automatic;
				DEVELOPMENT_TEAM = B82TF96752;
				ENABLE_PREVIEWS = YES;
				INFOPLIST_FILE = Info.plist;
				IPHONEOS_DEPLOYMENT_TARGET = 12.2;
				LD_RUNPATH_SEARCH_PATHS = (
					"$(inherited)",
					"@executable_path/Frameworks",
				);
				OTHER_SWIFT_FLAGS = "$(inherited) -Xfrontend -debug-time-function-bodies";
				PRODUCT_BUNDLE_IDENTIFIER = com.rileytestut.Delta;
				PRODUCT_NAME = Delta;
				SDKROOT = iphoneos;
				SUPPORTED_PLATFORMS = "iphonesimulator iphoneos";
				SWIFT_COMPILATION_MODE = wholemodule;
				SWIFT_OBJC_BRIDGING_HEADER = "Sources/Bridging-Header.h";
				SWIFT_OPTIMIZATION_LEVEL = "-Owholemodule";
				SWIFT_VERSION = 5.3.2;
				TARGETED_DEVICE_FAMILY = "1,2";
			};
			name = Release;
		};
		6217E1E4A59970D3DF6AF5AA /* Release */ = {
			isa = XCBuildConfiguration;
			buildSettings = {
				ALWAYS_SEARCH_USER_PATHS = NO;
				CLANG_ANALYZER_NONNULL = YES;
				CLANG_ANALYZER_NUMBER_OBJECT_CONVERSION = YES_AGGRESSIVE;
				CLANG_CXX_LANGUAGE_STANDARD = "gnu++14";
				CLANG_CXX_LIBRARY = "libc++";
				CLANG_ENABLE_MODULES = YES;
				CLANG_ENABLE_OBJC_ARC = YES;
				CLANG_ENABLE_OBJC_WEAK = YES;
				CLANG_WARN_BLOCK_CAPTURE_AUTORELEASING = YES;
				CLANG_WARN_BOOL_CONVERSION = YES;
				CLANG_WARN_COMMA = YES;
				CLANG_WARN_CONSTANT_CONVERSION = YES;
				CLANG_WARN_DEPRECATED_OBJC_IMPLEMENTATIONS = YES;
				CLANG_WARN_DIRECT_OBJC_ISA_USAGE = YES_ERROR;
				CLANG_WARN_DOCUMENTATION_COMMENTS = YES;
				CLANG_WARN_EMPTY_BODY = YES;
				CLANG_WARN_ENUM_CONVERSION = YES;
				CLANG_WARN_INFINITE_RECURSION = YES;
				CLANG_WARN_INT_CONVERSION = YES;
				CLANG_WARN_NON_LITERAL_NULL_CONVERSION = YES;
				CLANG_WARN_OBJC_IMPLICIT_RETAIN_SELF = YES;
				CLANG_WARN_OBJC_LITERAL_CONVERSION = YES;
				CLANG_WARN_OBJC_ROOT_CLASS = YES_ERROR;
				CLANG_WARN_RANGE_LOOP_ANALYSIS = YES;
				CLANG_WARN_STRICT_PROTOTYPES = YES;
				CLANG_WARN_SUSPICIOUS_MOVE = YES;
				CLANG_WARN_UNGUARDED_AVAILABILITY = YES_AGGRESSIVE;
				CLANG_WARN_UNREACHABLE_CODE = YES;
				CLANG_WARN__DUPLICATE_METHOD_MATCH = YES;
				COPY_PHASE_STRIP = NO;
				DEBUG_INFORMATION_FORMAT = "dwarf-with-dsym";
				ENABLE_NS_ASSERTIONS = NO;
				ENABLE_STRICT_OBJC_MSGSEND = YES;
				GCC_C_LANGUAGE_STANDARD = gnu11;
				GCC_NO_COMMON_BLOCKS = YES;
				GCC_WARN_64_TO_32_BIT_CONVERSION = YES;
				GCC_WARN_ABOUT_RETURN_TYPE = YES_ERROR;
				GCC_WARN_UNDECLARED_SELECTOR = YES;
				GCC_WARN_UNINITIALIZED_AUTOS = YES_AGGRESSIVE;
				GCC_WARN_UNUSED_FUNCTION = YES;
				GCC_WARN_UNUSED_VARIABLE = YES;
				MTL_ENABLE_DEBUG_INFO = NO;
				PRODUCT_NAME = "$(TARGET_NAME)";
				VALIDATE_PRODUCT = YES;
			};
			name = Release;
		};
		8180AD6BE9F551A88F55DBD0 /* Debug */ = {
			isa = XCBuildConfiguration;
			buildSettings = {
				ALWAYS_SEARCH_USER_PATHS = NO;
				CLANG_ANALYZER_NONNULL = YES;
				CLANG_ANALYZER_NUMBER_OBJECT_CONVERSION = YES_AGGRESSIVE;
				CLANG_CXX_LANGUAGE_STANDARD = "gnu++14";
				CLANG_CXX_LIBRARY = "libc++";
				CLANG_ENABLE_MODULES = YES;
				CLANG_ENABLE_OBJC_ARC = YES;
				CLANG_ENABLE_OBJC_WEAK = YES;
				CLANG_WARN_BLOCK_CAPTURE_AUTORELEASING = YES;
				CLANG_WARN_BOOL_CONVERSION = YES;
				CLANG_WARN_COMMA = YES;
				CLANG_WARN_CONSTANT_CONVERSION = YES;
				CLANG_WARN_DEPRECATED_OBJC_IMPLEMENTATIONS = YES;
				CLANG_WARN_DIRECT_OBJC_ISA_USAGE = YES_ERROR;
				CLANG_WARN_DOCUMENTATION_COMMENTS = YES;
				CLANG_WARN_EMPTY_BODY = YES;
				CLANG_WARN_ENUM_CONVERSION = YES;
				CLANG_WARN_INFINITE_RECURSION = YES;
				CLANG_WARN_INT_CONVERSION = YES;
				CLANG_WARN_NON_LITERAL_NULL_CONVERSION = YES;
				CLANG_WARN_OBJC_IMPLICIT_RETAIN_SELF = YES;
				CLANG_WARN_OBJC_LITERAL_CONVERSION = YES;
				CLANG_WARN_OBJC_ROOT_CLASS = YES_ERROR;
				CLANG_WARN_RANGE_LOOP_ANALYSIS = YES;
				CLANG_WARN_STRICT_PROTOTYPES = YES;
				CLANG_WARN_SUSPICIOUS_MOVE = YES;
				CLANG_WARN_UNGUARDED_AVAILABILITY = YES_AGGRESSIVE;
				CLANG_WARN_UNREACHABLE_CODE = YES;
				CLANG_WARN__DUPLICATE_METHOD_MATCH = YES;
				COPY_PHASE_STRIP = NO;
				DEBUG_INFORMATION_FORMAT = dwarf;
				ENABLE_STRICT_OBJC_MSGSEND = YES;
				ENABLE_TESTABILITY = YES;
				GCC_C_LANGUAGE_STANDARD = gnu11;
				GCC_DYNAMIC_NO_PIC = NO;
				GCC_NO_COMMON_BLOCKS = YES;
				GCC_OPTIMIZATION_LEVEL = 0;
				GCC_PREPROCESSOR_DEFINITIONS = (
					"DEBUG=1",
					"$(inherited)",
				);
				GCC_WARN_64_TO_32_BIT_CONVERSION = YES;
				GCC_WARN_ABOUT_RETURN_TYPE = YES_ERROR;
				GCC_WARN_UNDECLARED_SELECTOR = YES;
				GCC_WARN_UNINITIALIZED_AUTOS = YES_AGGRESSIVE;
				GCC_WARN_UNUSED_FUNCTION = YES;
				GCC_WARN_UNUSED_VARIABLE = YES;
				MTL_ENABLE_DEBUG_INFO = YES;
				ONLY_ACTIVE_ARCH = YES;
				PRODUCT_NAME = "$(TARGET_NAME)";
			};
			name = Debug;
		};
/* End XCBuildConfiguration section */

/* Begin XCConfigurationList section */
		0422E35B2D52492446BFAF15 /* Build configuration list for PBXNativeTarget "Delta" */ = {
			isa = XCConfigurationList;
			buildConfigurations = (
				2506E3F5DCAAEE7CBA9E646E /* Debug */,
				2AF6476B175D11F15D91EDCB /* Release */,
			);
			defaultConfigurationIsVisible = 0;
			defaultConfigurationName = Release;
		};
		16C1D5A0792BF34B428898DD /* Build configuration list for PBXProject "Delta" */ = {
			isa = XCConfigurationList;
			buildConfigurations = (
				8180AD6BE9F551A88F55DBD0 /* Debug */,
				6217E1E4A59970D3DF6AF5AA /* Release */,
			);
			defaultConfigurationIsVisible = 0;
			defaultConfigurationName = Release;
		};
/* End XCConfigurationList section */
	};
	rootObject = 8E818563DD40DA0B0CF5E3E0 /* Project object */;
}
