{
  "object": {
    "pins": [
      {
        "package": "AltKit",
        "repositoryURL": "https://github.com/rileytestut/AltKit.git",
        "state": {
          "branch": null,
          "revision": "2fd376df1c79ec06a5c80cc8933da027f65b3148",
          "version": null
        }
      },
      {
        "package": "DeltaCore",
        "repositoryURL": "https://github.com/rileytestut/DeltaCore.git",
        "state": {
          "branch": "main",
          "revision": "accca065797dd0d22c2b83e94bdc6e8b7a627020",
          "version": null
        }
      },
      {
        "package": "ZIPFoundation",
        "repositoryURL": "https://github.com/weichsel/ZIPFoundation.git",
        "state": {
          "branch": null,
          "revision": "7254c74b49cec2cb81520523ba993c671f71b066",
          "version": "0.9.14"
        }
      }
    ]
  },
  "version": 1
}
