{
  "object": {
    "pins": [
      {
        "package": "AltKit",
        "repositoryURL": "https://github.com/altstoreio/AltKit.git",
        "state": {
          "branch": null,
          "revision": "2fd376df1c79ec06a5c80cc8933da027f65b3148",
          "version": null
        }
      },
      {
        "package": "DeltaCore",
        "repositoryURL": "https://github.com/rileytestut/DeltaCore.git",
        "state": {
          "branch": "ios14",
          "revision": "cdd384dbacd5033183bbc3697c9738e3fb0b1d07",
          "version": null
        }
      },
      {
        "package": "KeychainAccess",
        "repositoryURL": "https://github.com/kishikawakatsumi/KeychainAccess.git",
        "state": {
          "branch": null,
          "revision": "84e546727d66f1adc5439debad16270d0fdd04e7",
          "version": "4.2.2"
        }
      },
      {
        "package": "ShowTouches",
        "repositoryURL": "https://github.com/Cyberbeni/ShowTouches.git",
        "state": {
          "branch": "master",
          "revision": "1c32407861e20ee2b046e1119c36e9d6385b4ab0",
          "version": null
        }
      },
      {
        "package": "ZIPFoundation",
        "repositoryURL": "https://github.com/weichsel/ZIPFoundation.git",
        "state": {
          "branch": null,
          "revision": "f6a22e7da26314b38bf9befce34ae8e4b2543090",
          "version": "0.9.15"
        }
      }
    ]
  },
  "version": 1
}
