{
  "object": {
    "pins": [
      {
        "package": "DeltaCore",
        "repositoryURL": "https://github.com/rileytestut/DeltaCore.git",
        "state": {
          "branch": "main",
          "revision": "9c6462589f85e3cce3876e6ad64d1448aed62bfc",
          "version": null
        }
      },
      {
        "package": "GPGXDeltaCore",
        "repositoryURL": "https://github.com/rileytestut/GPGXDeltaCore.git",
        "state": {
          "branch": "main",
          "revision": "ad4ba365acf1800d372ebfaa98df86b9c1b23dce",
          "version": null
        }
      },
      {
        "package": "Harmony",
        "repositoryURL": "https://github.com/rileytestut/Harmony.git",
        "state": {
          "branch": "swiftpm",
          "revision": "9b682db70e2d092a03fabe03e57898f995e97347",
          "version": null
        }
      },
      {
        "package": "Roxas",
        "repositoryURL": "https://github.com/rileytestut/Roxas.git",
        "state": {
          "branch": "swiftpm",
          "revision": "6f95c3242b4fa0325dc73b5c5305862ba3535866",
          "version": null
        }
      },
      {
        "package": "SQLite.swift",
        "repositoryURL": "https://github.com/stephencelis/SQLite.swift.git",
        "state": {
          "branch": null,
          "revision": "9af51e2edf491c0ea632e369a6566e09b65aa333",
          "version": "0.13.0"
        }
      },
      {
        "package": "ZIPFoundation",
        "repositoryURL": "https://github.com/weichsel/ZIPFoundation.git",
        "state": {
          "branch": null,
          "revision": "cf10bbff6ac3b873e97b36b9784c79866a051a8e",
          "version": "0.9.12"
        }
      }
    ]
  },
  "version": 1
}
